// !$*UTF8*$!
{
	archiveVersion = 1;
	classes = {
	};
	objectVersion = 46;
	objects = {

/* Begin PBXBuildFile section */
		5A5555D91CD3DB2600B237E5 /* main.m in Sources */ = {isa = PBXBuildFile; fileRef = 5A5555D81CD3DB2600B237E5 /* main.m */; };
		5A5555DC1CD3DB2600B237E5 /* AppDelegate.m in Sources */ = {isa = PBXBuildFile; fileRef = 5A5555DB1CD3DB2600B237E5 /* AppDelegate.m */; };
		5A5555E51CD3DB2600B237E5 /* Main.storyboard in Resources */ = {isa = PBXBuildFile; fileRef = 5A5555E31CD3DB2600B237E5 /* Main.storyboard */; };
		5A5555E71CD3DB2600B237E5 /* Assets.xcassets in Resources */ = {isa = PBXBuildFile; fileRef = 5A5555E61CD3DB2600B237E5 /* Assets.xcassets */; };
		5A5555EA1CD3DB2600B237E5 /* LaunchScreen.storyboard in Resources */ = {isa = PBXBuildFile; fileRef = 5A5555E81CD3DB2600B237E5 /* LaunchScreen.storyboard */; };
		5A5555F51CD3DB2600B237E5 /* MatchedUpTests.m in Sources */ = {isa = PBXBuildFile; fileRef = 5A5555F41CD3DB2600B237E5 /* MatchedUpTests.m */; };
		5A5556001CD3DB2600B237E5 /* MatchedUpUITests.m in Sources */ = {isa = PBXBuildFile; fileRef = 5A5555FF1CD3DB2600B237E5 /* MatchedUpUITests.m */; };
		5A5556101CD3DC1600B237E5 /* loginViewController.m in Sources */ = {isa = PBXBuildFile; fileRef = 5A55560F1CD3DC1600B237E5 /* loginViewController.m */; };
		5A61A1531CD6022000FA9E18 /* HomeViewController.m in Sources */ = {isa = PBXBuildFile; fileRef = 5A61A1521CD6022000FA9E18 /* HomeViewController.m */; };
		5A61A1571CD6066E00FA9E18 /* SettingsViewController.m in Sources */ = {isa = PBXBuildFile; fileRef = 5A61A1561CD6066E00FA9E18 /* SettingsViewController.m */; };
		5A61A15B1CD608FC00FA9E18 /* EditProfileViewController.m in Sources */ = {isa = PBXBuildFile; fileRef = 5A61A15A1CD608FC00FA9E18 /* EditProfileViewController.m */; };
		5A61A15F1CD60B8400FA9E18 /* ProfileViewController.m in Sources */ = {isa = PBXBuildFile; fileRef = 5A61A15E1CD60B8400FA9E18 /* ProfileViewController.m */; };
		5A73CB041CD79FAF00383488 /* MatchesViewController.m in Sources */ = {isa = PBXBuildFile; fileRef = 5A73CB031CD79FAF00383488 /* MatchesViewController.m */; };
		5A73CB6B1CD7A1A100383488 /* JSQMessagesAssets.bundle in Resources */ = {isa = PBXBuildFile; fileRef = 5A73CB081CD7A1A100383488 /* JSQMessagesAssets.bundle */; };
		5A73CB6C1CD7A1A100383488 /* JSQSystemSoundPlayer+JSQMessages.m in Sources */ = {isa = PBXBuildFile; fileRef = 5A73CB0B1CD7A1A100383488 /* JSQSystemSoundPlayer+JSQMessages.m */; };
		5A73CB6D1CD7A1A100383488 /* NSBundle+JSQMessages.m in Sources */ = {isa = PBXBuildFile; fileRef = 5A73CB0D1CD7A1A100383488 /* NSBundle+JSQMessages.m */; };
		5A73CB6E1CD7A1A100383488 /* NSString+JSQMessages.m in Sources */ = {isa = PBXBuildFile; fileRef = 5A73CB0F1CD7A1A100383488 /* NSString+JSQMessages.m */; };
		5A73CB6F1CD7A1A100383488 /* UIColor+JSQMessages.m in Sources */ = {isa = PBXBuildFile; fileRef = 5A73CB111CD7A1A100383488 /* UIColor+JSQMessages.m */; };
		5A73CB701CD7A1A100383488 /* UIDevice+JSQMessages.m in Sources */ = {isa = PBXBuildFile; fileRef = 5A73CB131CD7A1A100383488 /* UIDevice+JSQMessages.m */; };
		5A73CB711CD7A1A100383488 /* UIImage+JSQMessages.m in Sources */ = {isa = PBXBuildFile; fileRef = 5A73CB151CD7A1A100383488 /* UIImage+JSQMessages.m */; };
		5A73CB721CD7A1A100383488 /* UIView+JSQMessages.m in Sources */ = {isa = PBXBuildFile; fileRef = 5A73CB171CD7A1A100383488 /* UIView+JSQMessages.m */; };
		5A73CB731CD7A1A100383488 /* JSQMessagesKeyboardController.m in Sources */ = {isa = PBXBuildFile; fileRef = 5A73CB1A1CD7A1A100383488 /* JSQMessagesKeyboardController.m */; };
		5A73CB741CD7A1A100383488 /* JSQMessagesViewController.m in Sources */ = {isa = PBXBuildFile; fileRef = 5A73CB1C1CD7A1A100383488 /* JSQMessagesViewController.m */; };
		5A73CB751CD7A1A100383488 /* JSQMessagesViewController.xib in Resources */ = {isa = PBXBuildFile; fileRef = 5A73CB1D1CD7A1A100383488 /* JSQMessagesViewController.xib */; };
		5A73CB761CD7A1A100383488 /* JSQMessagesAvatarImageFactory.m in Sources */ = {isa = PBXBuildFile; fileRef = 5A73CB201CD7A1A100383488 /* JSQMessagesAvatarImageFactory.m */; };
		5A73CB771CD7A1A100383488 /* JSQMessagesBubbleImageFactory.m in Sources */ = {isa = PBXBuildFile; fileRef = 5A73CB221CD7A1A100383488 /* JSQMessagesBubbleImageFactory.m */; };
		5A73CB781CD7A1A100383488 /* JSQMessagesMediaViewBubbleImageMasker.m in Sources */ = {isa = PBXBuildFile; fileRef = 5A73CB241CD7A1A100383488 /* JSQMessagesMediaViewBubbleImageMasker.m */; };
		5A73CB791CD7A1A100383488 /* JSQMessagesTimestampFormatter.m in Sources */ = {isa = PBXBuildFile; fileRef = 5A73CB261CD7A1A100383488 /* JSQMessagesTimestampFormatter.m */; };
		5A73CB7A1CD7A1A100383488 /* JSQMessagesToolbarButtonFactory.m in Sources */ = {isa = PBXBuildFile; fileRef = 5A73CB281CD7A1A100383488 /* JSQMessagesToolbarButtonFactory.m */; };
		5A73CB7B1CD7A1A100383488 /* JSQAudioMediaViewAttributes.m in Sources */ = {isa = PBXBuildFile; fileRef = 5A73CB2C1CD7A1A100383488 /* JSQAudioMediaViewAttributes.m */; };
		5A73CB7C1CD7A1A100383488 /* JSQMessagesBubblesSizeCalculator.m in Sources */ = {isa = PBXBuildFile; fileRef = 5A73CB2F1CD7A1A100383488 /* JSQMessagesBubblesSizeCalculator.m */; };
		5A73CB7D1CD7A1A100383488 /* JSQMessagesCollectionViewFlowLayout.m in Sources */ = {isa = PBXBuildFile; fileRef = 5A73CB311CD7A1A100383488 /* JSQMessagesCollectionViewFlowLayout.m */; };
		5A73CB7E1CD7A1A100383488 /* JSQMessagesCollectionViewFlowLayoutInvalidationContext.m in Sources */ = {isa = PBXBuildFile; fileRef = 5A73CB331CD7A1A100383488 /* JSQMessagesCollectionViewFlowLayoutInvalidationContext.m */; };
		5A73CB7F1CD7A1A100383488 /* JSQMessagesCollectionViewLayoutAttributes.m in Sources */ = {isa = PBXBuildFile; fileRef = 5A73CB351CD7A1A100383488 /* JSQMessagesCollectionViewLayoutAttributes.m */; };
		5A73CB801CD7A1A100383488 /* JSQAudioMediaItem.m in Sources */ = {isa = PBXBuildFile; fileRef = 5A73CB381CD7A1A100383488 /* JSQAudioMediaItem.m */; };
		5A73CB811CD7A1A100383488 /* JSQLocationMediaItem.m in Sources */ = {isa = PBXBuildFile; fileRef = 5A73CB3A1CD7A1A100383488 /* JSQLocationMediaItem.m */; };
		5A73CB821CD7A1A100383488 /* JSQMediaItem.m in Sources */ = {isa = PBXBuildFile; fileRef = 5A73CB3C1CD7A1A100383488 /* JSQMediaItem.m */; };
		5A73CB831CD7A1A100383488 /* JSQMessage.m in Sources */ = {isa = PBXBuildFile; fileRef = 5A73CB3E1CD7A1A100383488 /* JSQMessage.m */; };
		5A73CB841CD7A1A100383488 /* JSQMessagesAvatarImage.m in Sources */ = {isa = PBXBuildFile; fileRef = 5A73CB441CD7A1A100383488 /* JSQMessagesAvatarImage.m */; };
		5A73CB851CD7A1A100383488 /* JSQMessagesBubbleImage.m in Sources */ = {isa = PBXBuildFile; fileRef = 5A73CB461CD7A1A100383488 /* JSQMessagesBubbleImage.m */; };
		5A73CB861CD7A1A100383488 /* JSQPhotoMediaItem.m in Sources */ = {isa = PBXBuildFile; fileRef = 5A73CB4A1CD7A1A100383488 /* JSQPhotoMediaItem.m */; };
		5A73CB871CD7A1A100383488 /* JSQVideoMediaItem.m in Sources */ = {isa = PBXBuildFile; fileRef = 5A73CB4C1CD7A1A100383488 /* JSQVideoMediaItem.m */; };
		5A73CB881CD7A1A100383488 /* JSQMessagesCellTextView.m in Sources */ = {isa = PBXBuildFile; fileRef = 5A73CB4F1CD7A1A100383488 /* JSQMessagesCellTextView.m */; };
		5A73CB891CD7A1A100383488 /* JSQMessagesCollectionView.m in Sources */ = {isa = PBXBuildFile; fileRef = 5A73CB511CD7A1A100383488 /* JSQMessagesCollectionView.m */; };
		5A73CB8A1CD7A1A100383488 /* JSQMessagesCollectionViewCell.m in Sources */ = {isa = PBXBuildFile; fileRef = 5A73CB531CD7A1A100383488 /* JSQMessagesCollectionViewCell.m */; };
		5A73CB8B1CD7A1A100383488 /* JSQMessagesCollectionViewCellIncoming.m in Sources */ = {isa = PBXBuildFile; fileRef = 5A73CB551CD7A1A100383488 /* JSQMessagesCollectionViewCellIncoming.m */; };
		5A73CB8C1CD7A1A100383488 /* JSQMessagesCollectionViewCellIncoming.xib in Resources */ = {isa = PBXBuildFile; fileRef = 5A73CB561CD7A1A100383488 /* JSQMessagesCollectionViewCellIncoming.xib */; };
		5A73CB8D1CD7A1A100383488 /* JSQMessagesCollectionViewCellOutgoing.m in Sources */ = {isa = PBXBuildFile; fileRef = 5A73CB581CD7A1A100383488 /* JSQMessagesCollectionViewCellOutgoing.m */; };
		5A73CB8E1CD7A1A100383488 /* JSQMessagesCollectionViewCellOutgoing.xib in Resources */ = {isa = PBXBuildFile; fileRef = 5A73CB591CD7A1A100383488 /* JSQMessagesCollectionViewCellOutgoing.xib */; };
		5A73CB8F1CD7A1A100383488 /* JSQMessagesComposerTextView.m in Sources */ = {isa = PBXBuildFile; fileRef = 5A73CB5B1CD7A1A100383488 /* JSQMessagesComposerTextView.m */; };
		5A73CB901CD7A1A100383488 /* JSQMessagesInputToolbar.m in Sources */ = {isa = PBXBuildFile; fileRef = 5A73CB5D1CD7A1A100383488 /* JSQMessagesInputToolbar.m */; };
		5A73CB911CD7A1A100383488 /* JSQMessagesLabel.m in Sources */ = {isa = PBXBuildFile; fileRef = 5A73CB5F1CD7A1A100383488 /* JSQMessagesLabel.m */; };
		5A73CB921CD7A1A100383488 /* JSQMessagesLoadEarlierHeaderView.m in Sources */ = {isa = PBXBuildFile; fileRef = 5A73CB611CD7A1A100383488 /* JSQMessagesLoadEarlierHeaderView.m */; };
		5A73CB931CD7A1A100383488 /* JSQMessagesLoadEarlierHeaderView.xib in Resources */ = {isa = PBXBuildFile; fileRef = 5A73CB621CD7A1A100383488 /* JSQMessagesLoadEarlierHeaderView.xib */; };
		5A73CB941CD7A1A100383488 /* JSQMessagesMediaPlaceholderView.m in Sources */ = {isa = PBXBuildFile; fileRef = 5A73CB641CD7A1A100383488 /* JSQMessagesMediaPlaceholderView.m */; };
		5A73CB951CD7A1A100383488 /* JSQMessagesToolbarContentView.m in Sources */ = {isa = PBXBuildFile; fileRef = 5A73CB661CD7A1A100383488 /* JSQMessagesToolbarContentView.m */; };
		5A73CB961CD7A1A100383488 /* JSQMessagesToolbarContentView.xib in Resources */ = {isa = PBXBuildFile; fileRef = 5A73CB671CD7A1A100383488 /* JSQMessagesToolbarContentView.xib */; };
		5A73CB971CD7A1A100383488 /* JSQMessagesTypingIndicatorFooterView.m in Sources */ = {isa = PBXBuildFile; fileRef = 5A73CB691CD7A1A100383488 /* JSQMessagesTypingIndicatorFooterView.m */; };
		5A73CB981CD7A1A100383488 /* JSQMessagesTypingIndicatorFooterView.xib in Resources */ = {isa = PBXBuildFile; fileRef = 5A73CB6A1CD7A1A100383488 /* JSQMessagesTypingIndicatorFooterView.xib */; };
		5A73CB9B1CD7A46900383488 /* ChatViewController.m in Sources */ = {isa = PBXBuildFile; fileRef = 5A73CB9A1CD7A46900383488 /* ChatViewController.m */; };
		5AE5CB911CD4B9F20017C71C /* Constants.m in Sources */ = {isa = PBXBuildFile; fileRef = 5AE5CB901CD4B9F20017C71C /* Constants.m */; };
		5AEB89E31CD3F26500F140DE /* Bolts.framework in Frameworks */ = {isa = PBXBuildFile; fileRef = 5AEB89E11CD3F26500F140DE /* Bolts.framework */; };
		5AEB89E41CD3F26500F140DE /* Parse.framework in Frameworks */ = {isa = PBXBuildFile; fileRef = 5AEB89E21CD3F26500F140DE /* Parse.framework */; };
		5AEB89E81CD3F37A00F140DE /* FBSDKCoreKit.framework in Frameworks */ = {isa = PBXBuildFile; fileRef = 5AEB89E71CD3F37A00F140DE /* FBSDKCoreKit.framework */; };
		5AEB89EA1CD3F38400F140DE /* FBSDKLoginKit.framework in Frameworks */ = {isa = PBXBuildFile; fileRef = 5AEB89E91CD3F38400F140DE /* FBSDKLoginKit.framework */; };
		5AEB89EC1CD3F3EE00F140DE /* FBSDKShareKit.framework in Frameworks */ = {isa = PBXBuildFile; fileRef = 5AEB89EB1CD3F3EE00F140DE /* FBSDKShareKit.framework */; };
		5AEB89EE1CD3F44E00F140DE /* AudioToolbox.framework in Frameworks */ = {isa = PBXBuildFile; fileRef = 5AEB89ED1CD3F44E00F140DE /* AudioToolbox.framework */; };
		5AEB89F01CD3F45600F140DE /* CFNetwork.framework in Frameworks */ = {isa = PBXBuildFile; fileRef = 5AEB89EF1CD3F45600F140DE /* CFNetwork.framework */; };
		5AEB89F21CD3F45C00F140DE /* CoreGraphics.framework in Frameworks */ = {isa = PBXBuildFile; fileRef = 5AEB89F11CD3F45C00F140DE /* CoreGraphics.framework */; };
		5AEB89F41CD3F46200F140DE /* CoreLocation.framework in Frameworks */ = {isa = PBXBuildFile; fileRef = 5AEB89F31CD3F46200F140DE /* CoreLocation.framework */; };
		5AEB89F61CD3F46800F140DE /* QuartzCore.framework in Frameworks */ = {isa = PBXBuildFile; fileRef = 5AEB89F51CD3F46800F140DE /* QuartzCore.framework */; };
		5AEB89F81CD3F46E00F140DE /* Security.framework in Frameworks */ = {isa = PBXBuildFile; fileRef = 5AEB89F71CD3F46E00F140DE /* Security.framework */; };
		5AEB89FA1CD3F47200F140DE /* StoreKit.framework in Frameworks */ = {isa = PBXBuildFile; fileRef = 5AEB89F91CD3F47200F140DE /* StoreKit.framework */; };
		5AEB89FC1CD3F47800F140DE /* SystemConfiguration.framework in Frameworks */ = {isa = PBXBuildFile; fileRef = 5AEB89FB1CD3F47800F140DE /* SystemConfiguration.framework */; };
		5AEB89FE1CD3F48300F140DE /* libz.tbd in Frameworks */ = {isa = PBXBuildFile; fileRef = 5AEB89FD1CD3F48300F140DE /* libz.tbd */; };
		5AEB8A001CD3F48900F140DE /* libsqlite3.tbd in Frameworks */ = {isa = PBXBuildFile; fileRef = 5AEB89FF1CD3F48900F140DE /* libsqlite3.tbd */; };
		5AEB8A031CD3F82C00F140DE /* ParseFacebookUtilsV4.framework in Frameworks */ = {isa = PBXBuildFile; fileRef = 5AEB8A021CD3F82C00F140DE /* ParseFacebookUtilsV4.framework */; };
		5AFB04971CD76372008EA83F /* TestUser.m in Sources */ = {isa = PBXBuildFile; fileRef = 5AFB04961CD76372008EA83F /* TestUser.m */; };
		5AFB04991CD7640C008EA83F /* ProfileImage1.jpg in Resources */ = {isa = PBXBuildFile; fileRef = 5AFB04981CD7640C008EA83F /* ProfileImage1.jpg */; };
		5AFB049B1CD76894008EA83F /* astronaut.jpg in Resources */ = {isa = PBXBuildFile; fileRef = 5AFB049A1CD76894008EA83F /* astronaut.jpg */; };
		5AFB049F1CD77C6B008EA83F /* MatchViewController.m in Sources */ = {isa = PBXBuildFile; fileRef = 5AFB049E1CD77C6B008EA83F /* MatchViewController.m */; };
/* End PBXBuildFile section */

/* Begin PBXContainerItemProxy section */
		5A5555F11CD3DB2600B237E5 /* PBXContainerItemProxy */ = {
			isa = PBXContainerItemProxy;
			containerPortal = 5A5555CC1CD3DB2600B237E5 /* Project object */;
			proxyType = 1;
			remoteGlobalIDString = 5A5555D31CD3DB2600B237E5;
			remoteInfo = MatchedUp;
		};
		5A5555FC1CD3DB2600B237E5 /* PBXContainerItemProxy */ = {
			isa = PBXContainerItemProxy;
			containerPortal = 5A5555CC1CD3DB2600B237E5 /* Project object */;
			proxyType = 1;
			remoteGlobalIDString = 5A5555D31CD3DB2600B237E5;
			remoteInfo = MatchedUp;
		};
/* End PBXContainerItemProxy section */

/* Begin PBXFileReference section */
		5A5555D41CD3DB2600B237E5 /* MatchedUp.app */ = {isa = PBXFileReference; explicitFileType = wrapper.application; includeInIndex = 0; path = MatchedUp.app; sourceTree = BUILT_PRODUCTS_DIR; };
		5A5555D81CD3DB2600B237E5 /* main.m */ = {isa = PBXFileReference; lastKnownFileType = sourcecode.c.objc; path = main.m; sourceTree = "<group>"; };
		5A5555DA1CD3DB2600B237E5 /* AppDelegate.h */ = {isa = PBXFileReference; lastKnownFileType = sourcecode.c.h; path = AppDelegate.h; sourceTree = "<group>"; };
		5A5555DB1CD3DB2600B237E5 /* AppDelegate.m */ = {isa = PBXFileReference; lastKnownFileType = sourcecode.c.objc; path = AppDelegate.m; sourceTree = "<group>"; };
		5A5555E41CD3DB2600B237E5 /* Base */ = {isa = PBXFileReference; lastKnownFileType = file.storyboard; name = Base; path = Base.lproj/Main.storyboard; sourceTree = "<group>"; };
		5A5555E61CD3DB2600B237E5 /* Assets.xcassets */ = {isa = PBXFileReference; lastKnownFileType = folder.assetcatalog; path = Assets.xcassets; sourceTree = "<group>"; };
		5A5555E91CD3DB2600B237E5 /* Base */ = {isa = PBXFileReference; lastKnownFileType = file.storyboard; name = Base; path = Base.lproj/LaunchScreen.storyboard; sourceTree = "<group>"; };
		5A5555EB1CD3DB2600B237E5 /* Info.plist */ = {isa = PBXFileReference; lastKnownFileType = text.plist.xml; path = Info.plist; sourceTree = "<group>"; };
		5A5555F01CD3DB2600B237E5 /* MatchedUpTests.xctest */ = {isa = PBXFileReference; explicitFileType = wrapper.cfbundle; includeInIndex = 0; path = MatchedUpTests.xctest; sourceTree = BUILT_PRODUCTS_DIR; };
		5A5555F41CD3DB2600B237E5 /* MatchedUpTests.m */ = {isa = PBXFileReference; lastKnownFileType = sourcecode.c.objc; path = MatchedUpTests.m; sourceTree = "<group>"; };
		5A5555F61CD3DB2600B237E5 /* Info.plist */ = {isa = PBXFileReference; lastKnownFileType = text.plist.xml; path = Info.plist; sourceTree = "<group>"; };
		5A5555FB1CD3DB2600B237E5 /* MatchedUpUITests.xctest */ = {isa = PBXFileReference; explicitFileType = wrapper.cfbundle; includeInIndex = 0; path = MatchedUpUITests.xctest; sourceTree = BUILT_PRODUCTS_DIR; };
		5A5555FF1CD3DB2600B237E5 /* MatchedUpUITests.m */ = {isa = PBXFileReference; lastKnownFileType = sourcecode.c.objc; path = MatchedUpUITests.m; sourceTree = "<group>"; };
		5A5556011CD3DB2600B237E5 /* Info.plist */ = {isa = PBXFileReference; lastKnownFileType = text.plist.xml; path = Info.plist; sourceTree = "<group>"; };
		5A55560E1CD3DC1600B237E5 /* loginViewController.h */ = {isa = PBXFileReference; fileEncoding = 4; lastKnownFileType = sourcecode.c.h; path = loginViewController.h; sourceTree = "<group>"; };
		5A55560F1CD3DC1600B237E5 /* loginViewController.m */ = {isa = PBXFileReference; fileEncoding = 4; lastKnownFileType = sourcecode.c.objc; path = loginViewController.m; sourceTree = "<group>"; };
		5A61A1511CD6022000FA9E18 /* HomeViewController.h */ = {isa = PBXFileReference; fileEncoding = 4; lastKnownFileType = sourcecode.c.h; path = HomeViewController.h; sourceTree = "<group>"; };
		5A61A1521CD6022000FA9E18 /* HomeViewController.m */ = {isa = PBXFileReference; fileEncoding = 4; lastKnownFileType = sourcecode.c.objc; path = HomeViewController.m; sourceTree = "<group>"; };
		5A61A1551CD6066E00FA9E18 /* SettingsViewController.h */ = {isa = PBXFileReference; fileEncoding = 4; lastKnownFileType = sourcecode.c.h; path = SettingsViewController.h; sourceTree = "<group>"; };
		5A61A1561CD6066E00FA9E18 /* SettingsViewController.m */ = {isa = PBXFileReference; fileEncoding = 4; lastKnownFileType = sourcecode.c.objc; path = SettingsViewController.m; sourceTree = "<group>"; };
		5A61A1591CD608FC00FA9E18 /* EditProfileViewController.h */ = {isa = PBXFileReference; fileEncoding = 4; lastKnownFileType = sourcecode.c.h; path = EditProfileViewController.h; sourceTree = "<group>"; };
		5A61A15A1CD608FC00FA9E18 /* EditProfileViewController.m */ = {isa = PBXFileReference; fileEncoding = 4; lastKnownFileType = sourcecode.c.objc; path = EditProfileViewController.m; sourceTree = "<group>"; };
		5A61A15D1CD60B8400FA9E18 /* ProfileViewController.h */ = {isa = PBXFileReference; fileEncoding = 4; lastKnownFileType = sourcecode.c.h; path = ProfileViewController.h; sourceTree = "<group>"; };
		5A61A15E1CD60B8400FA9E18 /* ProfileViewController.m */ = {isa = PBXFileReference; fileEncoding = 4; lastKnownFileType = sourcecode.c.objc; path = ProfileViewController.m; sourceTree = "<group>"; };
		5A73CB021CD79FAF00383488 /* MatchesViewController.h */ = {isa = PBXFileReference; fileEncoding = 4; lastKnownFileType = sourcecode.c.h; path = MatchesViewController.h; sourceTree = "<group>"; };
		5A73CB031CD79FAF00383488 /* MatchesViewController.m */ = {isa = PBXFileReference; fileEncoding = 4; lastKnownFileType = sourcecode.c.objc; path = MatchesViewController.m; sourceTree = "<group>"; };
		5A73CB081CD7A1A100383488 /* JSQMessagesAssets.bundle */ = {isa = PBXFileReference; lastKnownFileType = "wrapper.plug-in"; path = JSQMessagesAssets.bundle; sourceTree = "<group>"; };
		5A73CB0A1CD7A1A100383488 /* JSQSystemSoundPlayer+JSQMessages.h */ = {isa = PBXFileReference; fileEncoding = 4; lastKnownFileType = sourcecode.c.h; path = "JSQSystemSoundPlayer+JSQMessages.h"; sourceTree = "<group>"; };
		5A73CB0B1CD7A1A100383488 /* JSQSystemSoundPlayer+JSQMessages.m */ = {isa = PBXFileReference; fileEncoding = 4; lastKnownFileType = sourcecode.c.objc; path = "JSQSystemSoundPlayer+JSQMessages.m"; sourceTree = "<group>"; };
		5A73CB0C1CD7A1A100383488 /* NSBundle+JSQMessages.h */ = {isa = PBXFileReference; fileEncoding = 4; lastKnownFileType = sourcecode.c.h; path = "NSBundle+JSQMessages.h"; sourceTree = "<group>"; };
		5A73CB0D1CD7A1A100383488 /* NSBundle+JSQMessages.m */ = {isa = PBXFileReference; fileEncoding = 4; lastKnownFileType = sourcecode.c.objc; path = "NSBundle+JSQMessages.m"; sourceTree = "<group>"; };
		5A73CB0E1CD7A1A100383488 /* NSString+JSQMessages.h */ = {isa = PBXFileReference; fileEncoding = 4; lastKnownFileType = sourcecode.c.h; path = "NSString+JSQMessages.h"; sourceTree = "<group>"; };
		5A73CB0F1CD7A1A100383488 /* NSString+JSQMessages.m */ = {isa = PBXFileReference; fileEncoding = 4; lastKnownFileType = sourcecode.c.objc; path = "NSString+JSQMessages.m"; sourceTree = "<group>"; };
		5A73CB101CD7A1A100383488 /* UIColor+JSQMessages.h */ = {isa = PBXFileReference; fileEncoding = 4; lastKnownFileType = sourcecode.c.h; path = "UIColor+JSQMessages.h"; sourceTree = "<group>"; };
		5A73CB111CD7A1A100383488 /* UIColor+JSQMessages.m */ = {isa = PBXFileReference; fileEncoding = 4; lastKnownFileType = sourcecode.c.objc; path = "UIColor+JSQMessages.m"; sourceTree = "<group>"; };
		5A73CB121CD7A1A100383488 /* UIDevice+JSQMessages.h */ = {isa = PBXFileReference; fileEncoding = 4; lastKnownFileType = sourcecode.c.h; path = "UIDevice+JSQMessages.h"; sourceTree = "<group>"; };
		5A73CB131CD7A1A100383488 /* UIDevice+JSQMessages.m */ = {isa = PBXFileReference; fileEncoding = 4; lastKnownFileType = sourcecode.c.objc; path = "UIDevice+JSQMessages.m"; sourceTree = "<group>"; };
		5A73CB141CD7A1A100383488 /* UIImage+JSQMessages.h */ = {isa = PBXFileReference; fileEncoding = 4; lastKnownFileType = sourcecode.c.h; path = "UIImage+JSQMessages.h"; sourceTree = "<group>"; };
		5A73CB151CD7A1A100383488 /* UIImage+JSQMessages.m */ = {isa = PBXFileReference; fileEncoding = 4; lastKnownFileType = sourcecode.c.objc; path = "UIImage+JSQMessages.m"; sourceTree = "<group>"; };
		5A73CB161CD7A1A100383488 /* UIView+JSQMessages.h */ = {isa = PBXFileReference; fileEncoding = 4; lastKnownFileType = sourcecode.c.h; path = "UIView+JSQMessages.h"; sourceTree = "<group>"; };
		5A73CB171CD7A1A100383488 /* UIView+JSQMessages.m */ = {isa = PBXFileReference; fileEncoding = 4; lastKnownFileType = sourcecode.c.objc; path = "UIView+JSQMessages.m"; sourceTree = "<group>"; };
		5A73CB191CD7A1A100383488 /* JSQMessagesKeyboardController.h */ = {isa = PBXFileReference; fileEncoding = 4; lastKnownFileType = sourcecode.c.h; path = JSQMessagesKeyboardController.h; sourceTree = "<group>"; };
		5A73CB1A1CD7A1A100383488 /* JSQMessagesKeyboardController.m */ = {isa = PBXFileReference; fileEncoding = 4; lastKnownFileType = sourcecode.c.objc; path = JSQMessagesKeyboardController.m; sourceTree = "<group>"; };
		5A73CB1B1CD7A1A100383488 /* JSQMessagesViewController.h */ = {isa = PBXFileReference; fileEncoding = 4; lastKnownFileType = sourcecode.c.h; path = JSQMessagesViewController.h; sourceTree = "<group>"; };
		5A73CB1C1CD7A1A100383488 /* JSQMessagesViewController.m */ = {isa = PBXFileReference; fileEncoding = 4; lastKnownFileType = sourcecode.c.objc; path = JSQMessagesViewController.m; sourceTree = "<group>"; };
		5A73CB1D1CD7A1A100383488 /* JSQMessagesViewController.xib */ = {isa = PBXFileReference; fileEncoding = 4; lastKnownFileType = file.xib; path = JSQMessagesViewController.xib; sourceTree = "<group>"; };
		5A73CB1F1CD7A1A100383488 /* JSQMessagesAvatarImageFactory.h */ = {isa = PBXFileReference; fileEncoding = 4; lastKnownFileType = sourcecode.c.h; path = JSQMessagesAvatarImageFactory.h; sourceTree = "<group>"; };
		5A73CB201CD7A1A100383488 /* JSQMessagesAvatarImageFactory.m */ = {isa = PBXFileReference; fileEncoding = 4; lastKnownFileType = sourcecode.c.objc; path = JSQMessagesAvatarImageFactory.m; sourceTree = "<group>"; };
		5A73CB211CD7A1A100383488 /* JSQMessagesBubbleImageFactory.h */ = {isa = PBXFileReference; fileEncoding = 4; lastKnownFileType = sourcecode.c.h; path = JSQMessagesBubbleImageFactory.h; sourceTree = "<group>"; };
		5A73CB221CD7A1A100383488 /* JSQMessagesBubbleImageFactory.m */ = {isa = PBXFileReference; fileEncoding = 4; lastKnownFileType = sourcecode.c.objc; path = JSQMessagesBubbleImageFactory.m; sourceTree = "<group>"; };
		5A73CB231CD7A1A100383488 /* JSQMessagesMediaViewBubbleImageMasker.h */ = {isa = PBXFileReference; fileEncoding = 4; lastKnownFileType = sourcecode.c.h; path = JSQMessagesMediaViewBubbleImageMasker.h; sourceTree = "<group>"; };
		5A73CB241CD7A1A100383488 /* JSQMessagesMediaViewBubbleImageMasker.m */ = {isa = PBXFileReference; fileEncoding = 4; lastKnownFileType = sourcecode.c.objc; path = JSQMessagesMediaViewBubbleImageMasker.m; sourceTree = "<group>"; };
		5A73CB251CD7A1A100383488 /* JSQMessagesTimestampFormatter.h */ = {isa = PBXFileReference; fileEncoding = 4; lastKnownFileType = sourcecode.c.h; path = JSQMessagesTimestampFormatter.h; sourceTree = "<group>"; };
		5A73CB261CD7A1A100383488 /* JSQMessagesTimestampFormatter.m */ = {isa = PBXFileReference; fileEncoding = 4; lastKnownFileType = sourcecode.c.objc; path = JSQMessagesTimestampFormatter.m; sourceTree = "<group>"; };
		5A73CB271CD7A1A100383488 /* JSQMessagesToolbarButtonFactory.h */ = {isa = PBXFileReference; fileEncoding = 4; lastKnownFileType = sourcecode.c.h; path = JSQMessagesToolbarButtonFactory.h; sourceTree = "<group>"; };
		5A73CB281CD7A1A100383488 /* JSQMessagesToolbarButtonFactory.m */ = {isa = PBXFileReference; fileEncoding = 4; lastKnownFileType = sourcecode.c.objc; path = JSQMessagesToolbarButtonFactory.m; sourceTree = "<group>"; };
		5A73CB291CD7A1A100383488 /* JSQMessages.h */ = {isa = PBXFileReference; fileEncoding = 4; lastKnownFileType = sourcecode.c.h; path = JSQMessages.h; sourceTree = "<group>"; };
		5A73CB2B1CD7A1A100383488 /* JSQAudioMediaViewAttributes.h */ = {isa = PBXFileReference; fileEncoding = 4; lastKnownFileType = sourcecode.c.h; path = JSQAudioMediaViewAttributes.h; sourceTree = "<group>"; };
		5A73CB2C1CD7A1A100383488 /* JSQAudioMediaViewAttributes.m */ = {isa = PBXFileReference; fileEncoding = 4; lastKnownFileType = sourcecode.c.objc; path = JSQAudioMediaViewAttributes.m; sourceTree = "<group>"; };
		5A73CB2D1CD7A1A100383488 /* JSQMessagesBubbleSizeCalculating.h */ = {isa = PBXFileReference; fileEncoding = 4; lastKnownFileType = sourcecode.c.h; path = JSQMessagesBubbleSizeCalculating.h; sourceTree = "<group>"; };
		5A73CB2E1CD7A1A100383488 /* JSQMessagesBubblesSizeCalculator.h */ = {isa = PBXFileReference; fileEncoding = 4; lastKnownFileType = sourcecode.c.h; path = JSQMessagesBubblesSizeCalculator.h; sourceTree = "<group>"; };
		5A73CB2F1CD7A1A100383488 /* JSQMessagesBubblesSizeCalculator.m */ = {isa = PBXFileReference; fileEncoding = 4; lastKnownFileType = sourcecode.c.objc; path = JSQMessagesBubblesSizeCalculator.m; sourceTree = "<group>"; };
		5A73CB301CD7A1A100383488 /* JSQMessagesCollectionViewFlowLayout.h */ = {isa = PBXFileReference; fileEncoding = 4; lastKnownFileType = sourcecode.c.h; path = JSQMessagesCollectionViewFlowLayout.h; sourceTree = "<group>"; };
		5A73CB311CD7A1A100383488 /* JSQMessagesCollectionViewFlowLayout.m */ = {isa = PBXFileReference; fileEncoding = 4; lastKnownFileType = sourcecode.c.objc; path = JSQMessagesCollectionViewFlowLayout.m; sourceTree = "<group>"; };
		5A73CB321CD7A1A100383488 /* JSQMessagesCollectionViewFlowLayoutInvalidationContext.h */ = {isa = PBXFileReference; fileEncoding = 4; lastKnownFileType = sourcecode.c.h; path = JSQMessagesCollectionViewFlowLayoutInvalidationContext.h; sourceTree = "<group>"; };
		5A73CB331CD7A1A100383488 /* JSQMessagesCollectionViewFlowLayoutInvalidationContext.m */ = {isa = PBXFileReference; fileEncoding = 4; lastKnownFileType = sourcecode.c.objc; path = JSQMessagesCollectionViewFlowLayoutInvalidationContext.m; sourceTree = "<group>"; };
		5A73CB341CD7A1A100383488 /* JSQMessagesCollectionViewLayoutAttributes.h */ = {isa = PBXFileReference; fileEncoding = 4; lastKnownFileType = sourcecode.c.h; path = JSQMessagesCollectionViewLayoutAttributes.h; sourceTree = "<group>"; };
		5A73CB351CD7A1A100383488 /* JSQMessagesCollectionViewLayoutAttributes.m */ = {isa = PBXFileReference; fileEncoding = 4; lastKnownFileType = sourcecode.c.objc; path = JSQMessagesCollectionViewLayoutAttributes.m; sourceTree = "<group>"; };
		5A73CB371CD7A1A100383488 /* JSQAudioMediaItem.h */ = {isa = PBXFileReference; fileEncoding = 4; lastKnownFileType = sourcecode.c.h; path = JSQAudioMediaItem.h; sourceTree = "<group>"; };
		5A73CB381CD7A1A100383488 /* JSQAudioMediaItem.m */ = {isa = PBXFileReference; fileEncoding = 4; lastKnownFileType = sourcecode.c.objc; path = JSQAudioMediaItem.m; sourceTree = "<group>"; };
		5A73CB391CD7A1A100383488 /* JSQLocationMediaItem.h */ = {isa = PBXFileReference; fileEncoding = 4; lastKnownFileType = sourcecode.c.h; path = JSQLocationMediaItem.h; sourceTree = "<group>"; };
		5A73CB3A1CD7A1A100383488 /* JSQLocationMediaItem.m */ = {isa = PBXFileReference; fileEncoding = 4; lastKnownFileType = sourcecode.c.objc; path = JSQLocationMediaItem.m; sourceTree = "<group>"; };
		5A73CB3B1CD7A1A100383488 /* JSQMediaItem.h */ = {isa = PBXFileReference; fileEncoding = 4; lastKnownFileType = sourcecode.c.h; path = JSQMediaItem.h; sourceTree = "<group>"; };
		5A73CB3C1CD7A1A100383488 /* JSQMediaItem.m */ = {isa = PBXFileReference; fileEncoding = 4; lastKnownFileType = sourcecode.c.objc; path = JSQMediaItem.m; sourceTree = "<group>"; };
		5A73CB3D1CD7A1A100383488 /* JSQMessage.h */ = {isa = PBXFileReference; fileEncoding = 4; lastKnownFileType = sourcecode.c.h; path = JSQMessage.h; sourceTree = "<group>"; };
		5A73CB3E1CD7A1A100383488 /* JSQMessage.m */ = {isa = PBXFileReference; fileEncoding = 4; lastKnownFileType = sourcecode.c.objc; path = JSQMessage.m; sourceTree = "<group>"; };
		5A73CB3F1CD7A1A100383488 /* JSQMessageAvatarImageDataSource.h */ = {isa = PBXFileReference; fileEncoding = 4; lastKnownFileType = sourcecode.c.h; path = JSQMessageAvatarImageDataSource.h; sourceTree = "<group>"; };
		5A73CB401CD7A1A100383488 /* JSQMessageBubbleImageDataSource.h */ = {isa = PBXFileReference; fileEncoding = 4; lastKnownFileType = sourcecode.c.h; path = JSQMessageBubbleImageDataSource.h; sourceTree = "<group>"; };
		5A73CB411CD7A1A100383488 /* JSQMessageData.h */ = {isa = PBXFileReference; fileEncoding = 4; lastKnownFileType = sourcecode.c.h; path = JSQMessageData.h; sourceTree = "<group>"; };
		5A73CB421CD7A1A100383488 /* JSQMessageMediaData.h */ = {isa = PBXFileReference; fileEncoding = 4; lastKnownFileType = sourcecode.c.h; path = JSQMessageMediaData.h; sourceTree = "<group>"; };
		5A73CB431CD7A1A100383488 /* JSQMessagesAvatarImage.h */ = {isa = PBXFileReference; fileEncoding = 4; lastKnownFileType = sourcecode.c.h; path = JSQMessagesAvatarImage.h; sourceTree = "<group>"; };
		5A73CB441CD7A1A100383488 /* JSQMessagesAvatarImage.m */ = {isa = PBXFileReference; fileEncoding = 4; lastKnownFileType = sourcecode.c.objc; path = JSQMessagesAvatarImage.m; sourceTree = "<group>"; };
		5A73CB451CD7A1A100383488 /* JSQMessagesBubbleImage.h */ = {isa = PBXFileReference; fileEncoding = 4; lastKnownFileType = sourcecode.c.h; path = JSQMessagesBubbleImage.h; sourceTree = "<group>"; };
		5A73CB461CD7A1A100383488 /* JSQMessagesBubbleImage.m */ = {isa = PBXFileReference; fileEncoding = 4; lastKnownFileType = sourcecode.c.objc; path = JSQMessagesBubbleImage.m; sourceTree = "<group>"; };
		5A73CB471CD7A1A100383488 /* JSQMessagesCollectionViewDataSource.h */ = {isa = PBXFileReference; fileEncoding = 4; lastKnownFileType = sourcecode.c.h; path = JSQMessagesCollectionViewDataSource.h; sourceTree = "<group>"; };
		5A73CB481CD7A1A100383488 /* JSQMessagesCollectionViewDelegateFlowLayout.h */ = {isa = PBXFileReference; fileEncoding = 4; lastKnownFileType = sourcecode.c.h; path = JSQMessagesCollectionViewDelegateFlowLayout.h; sourceTree = "<group>"; };
		5A73CB491CD7A1A100383488 /* JSQPhotoMediaItem.h */ = {isa = PBXFileReference; fileEncoding = 4; lastKnownFileType = sourcecode.c.h; path = JSQPhotoMediaItem.h; sourceTree = "<group>"; };
		5A73CB4A1CD7A1A100383488 /* JSQPhotoMediaItem.m */ = {isa = PBXFileReference; fileEncoding = 4; lastKnownFileType = sourcecode.c.objc; path = JSQPhotoMediaItem.m; sourceTree = "<group>"; };
		5A73CB4B1CD7A1A100383488 /* JSQVideoMediaItem.h */ = {isa = PBXFileReference; fileEncoding = 4; lastKnownFileType = sourcecode.c.h; path = JSQVideoMediaItem.h; sourceTree = "<group>"; };
		5A73CB4C1CD7A1A100383488 /* JSQVideoMediaItem.m */ = {isa = PBXFileReference; fileEncoding = 4; lastKnownFileType = sourcecode.c.objc; path = JSQVideoMediaItem.m; sourceTree = "<group>"; };
		5A73CB4E1CD7A1A100383488 /* JSQMessagesCellTextView.h */ = {isa = PBXFileReference; fileEncoding = 4; lastKnownFileType = sourcecode.c.h; path = JSQMessagesCellTextView.h; sourceTree = "<group>"; };
		5A73CB4F1CD7A1A100383488 /* JSQMessagesCellTextView.m */ = {isa = PBXFileReference; fileEncoding = 4; lastKnownFileType = sourcecode.c.objc; path = JSQMessagesCellTextView.m; sourceTree = "<group>"; };
		5A73CB501CD7A1A100383488 /* JSQMessagesCollectionView.h */ = {isa = PBXFileReference; fileEncoding = 4; lastKnownFileType = sourcecode.c.h; path = JSQMessagesCollectionView.h; sourceTree = "<group>"; };
		5A73CB511CD7A1A100383488 /* JSQMessagesCollectionView.m */ = {isa = PBXFileReference; fileEncoding = 4; lastKnownFileType = sourcecode.c.objc; path = JSQMessagesCollectionView.m; sourceTree = "<group>"; };
		5A73CB521CD7A1A100383488 /* JSQMessagesCollectionViewCell.h */ = {isa = PBXFileReference; fileEncoding = 4; lastKnownFileType = sourcecode.c.h; path = JSQMessagesCollectionViewCell.h; sourceTree = "<group>"; };
		5A73CB531CD7A1A100383488 /* JSQMessagesCollectionViewCell.m */ = {isa = PBXFileReference; fileEncoding = 4; lastKnownFileType = sourcecode.c.objc; path = JSQMessagesCollectionViewCell.m; sourceTree = "<group>"; };
		5A73CB541CD7A1A100383488 /* JSQMessagesCollectionViewCellIncoming.h */ = {isa = PBXFileReference; fileEncoding = 4; lastKnownFileType = sourcecode.c.h; path = JSQMessagesCollectionViewCellIncoming.h; sourceTree = "<group>"; };
		5A73CB551CD7A1A100383488 /* JSQMessagesCollectionViewCellIncoming.m */ = {isa = PBXFileReference; fileEncoding = 4; lastKnownFileType = sourcecode.c.objc; path = JSQMessagesCollectionViewCellIncoming.m; sourceTree = "<group>"; };
		5A73CB561CD7A1A100383488 /* JSQMessagesCollectionViewCellIncoming.xib */ = {isa = PBXFileReference; fileEncoding = 4; lastKnownFileType = file.xib; path = JSQMessagesCollectionViewCellIncoming.xib; sourceTree = "<group>"; };
		5A73CB571CD7A1A100383488 /* JSQMessagesCollectionViewCellOutgoing.h */ = {isa = PBXFileReference; fileEncoding = 4; lastKnownFileType = sourcecode.c.h; path = JSQMessagesCollectionViewCellOutgoing.h; sourceTree = "<group>"; };
		5A73CB581CD7A1A100383488 /* JSQMessagesCollectionViewCellOutgoing.m */ = {isa = PBXFileReference; fileEncoding = 4; lastKnownFileType = sourcecode.c.objc; path = JSQMessagesCollectionViewCellOutgoing.m; sourceTree = "<group>"; };
		5A73CB591CD7A1A100383488 /* JSQMessagesCollectionViewCellOutgoing.xib */ = {isa = PBXFileReference; fileEncoding = 4; lastKnownFileType = file.xib; path = JSQMessagesCollectionViewCellOutgoing.xib; sourceTree = "<group>"; };
		5A73CB5A1CD7A1A100383488 /* JSQMessagesComposerTextView.h */ = {isa = PBXFileReference; fileEncoding = 4; lastKnownFileType = sourcecode.c.h; path = JSQMessagesComposerTextView.h; sourceTree = "<group>"; };
		5A73CB5B1CD7A1A100383488 /* JSQMessagesComposerTextView.m */ = {isa = PBXFileReference; fileEncoding = 4; lastKnownFileType = sourcecode.c.objc; path = JSQMessagesComposerTextView.m; sourceTree = "<group>"; };
		5A73CB5C1CD7A1A100383488 /* JSQMessagesInputToolbar.h */ = {isa = PBXFileReference; fileEncoding = 4; lastKnownFileType = sourcecode.c.h; path = JSQMessagesInputToolbar.h; sourceTree = "<group>"; };
		5A73CB5D1CD7A1A100383488 /* JSQMessagesInputToolbar.m */ = {isa = PBXFileReference; fileEncoding = 4; lastKnownFileType = sourcecode.c.objc; path = JSQMessagesInputToolbar.m; sourceTree = "<group>"; };
		5A73CB5E1CD7A1A100383488 /* JSQMessagesLabel.h */ = {isa = PBXFileReference; fileEncoding = 4; lastKnownFileType = sourcecode.c.h; path = JSQMessagesLabel.h; sourceTree = "<group>"; };
		5A73CB5F1CD7A1A100383488 /* JSQMessagesLabel.m */ = {isa = PBXFileReference; fileEncoding = 4; lastKnownFileType = sourcecode.c.objc; path = JSQMessagesLabel.m; sourceTree = "<group>"; };
		5A73CB601CD7A1A100383488 /* JSQMessagesLoadEarlierHeaderView.h */ = {isa = PBXFileReference; fileEncoding = 4; lastKnownFileType = sourcecode.c.h; path = JSQMessagesLoadEarlierHeaderView.h; sourceTree = "<group>"; };
		5A73CB611CD7A1A100383488 /* JSQMessagesLoadEarlierHeaderView.m */ = {isa = PBXFileReference; fileEncoding = 4; lastKnownFileType = sourcecode.c.objc; path = JSQMessagesLoadEarlierHeaderView.m; sourceTree = "<group>"; };
		5A73CB621CD7A1A100383488 /* JSQMessagesLoadEarlierHeaderView.xib */ = {isa = PBXFileReference; fileEncoding = 4; lastKnownFileType = file.xib; path = JSQMessagesLoadEarlierHeaderView.xib; sourceTree = "<group>"; };
		5A73CB631CD7A1A100383488 /* JSQMessagesMediaPlaceholderView.h */ = {isa = PBXFileReference; fileEncoding = 4; lastKnownFileType = sourcecode.c.h; path = JSQMessagesMediaPlaceholderView.h; sourceTree = "<group>"; };
		5A73CB641CD7A1A100383488 /* JSQMessagesMediaPlaceholderView.m */ = {isa = PBXFileReference; fileEncoding = 4; lastKnownFileType = sourcecode.c.objc; path = JSQMessagesMediaPlaceholderView.m; sourceTree = "<group>"; };
		5A73CB651CD7A1A100383488 /* JSQMessagesToolbarContentView.h */ = {isa = PBXFileReference; fileEncoding = 4; lastKnownFileType = sourcecode.c.h; path = JSQMessagesToolbarContentView.h; sourceTree = "<group>"; };
		5A73CB661CD7A1A100383488 /* JSQMessagesToolbarContentView.m */ = {isa = PBXFileReference; fileEncoding = 4; lastKnownFileType = sourcecode.c.objc; path = JSQMessagesToolbarContentView.m; sourceTree = "<group>"; };
		5A73CB671CD7A1A100383488 /* JSQMessagesToolbarContentView.xib */ = {isa = PBXFileReference; fileEncoding = 4; lastKnownFileType = file.xib; path = JSQMessagesToolbarContentView.xib; sourceTree = "<group>"; };
		5A73CB681CD7A1A100383488 /* JSQMessagesTypingIndicatorFooterView.h */ = {isa = PBXFileReference; fileEncoding = 4; lastKnownFileType = sourcecode.c.h; path = JSQMessagesTypingIndicatorFooterView.h; sourceTree = "<group>"; };
		5A73CB691CD7A1A100383488 /* JSQMessagesTypingIndicatorFooterView.m */ = {isa = PBXFileReference; fileEncoding = 4; lastKnownFileType = sourcecode.c.objc; path = JSQMessagesTypingIndicatorFooterView.m; sourceTree = "<group>"; };
		5A73CB6A1CD7A1A100383488 /* JSQMessagesTypingIndicatorFooterView.xib */ = {isa = PBXFileReference; fileEncoding = 4; lastKnownFileType = file.xib; path = JSQMessagesTypingIndicatorFooterView.xib; sourceTree = "<group>"; };
		5A73CB991CD7A46900383488 /* ChatViewController.h */ = {isa = PBXFileReference; fileEncoding = 4; lastKnownFileType = sourcecode.c.h; path = ChatViewController.h; sourceTree = "<group>"; };
		5A73CB9A1CD7A46900383488 /* ChatViewController.m */ = {isa = PBXFileReference; fileEncoding = 4; lastKnownFileType = sourcecode.c.objc; path = ChatViewController.m; sourceTree = "<group>"; };
		5AE5CB8F1CD4B9F20017C71C /* Constants.h */ = {isa = PBXFileReference; fileEncoding = 4; lastKnownFileType = sourcecode.c.h; path = Constants.h; sourceTree = "<group>"; };
		5AE5CB901CD4B9F20017C71C /* Constants.m */ = {isa = PBXFileReference; fileEncoding = 4; lastKnownFileType = sourcecode.c.objc; path = Constants.m; sourceTree = "<group>"; };
		5AEB89E11CD3F26500F140DE /* Bolts.framework */ = {isa = PBXFileReference; lastKnownFileType = wrapper.framework; path = Bolts.framework; sourceTree = "<group>"; };
		5AEB89E21CD3F26500F140DE /* Parse.framework */ = {isa = PBXFileReference; lastKnownFileType = wrapper.framework; path = Parse.framework; sourceTree = "<group>"; };
		5AEB89E71CD3F37A00F140DE /* FBSDKCoreKit.framework */ = {isa = PBXFileReference; lastKnownFileType = wrapper.framework; path = FBSDKCoreKit.framework; sourceTree = "<group>"; };
		5AEB89E91CD3F38400F140DE /* FBSDKLoginKit.framework */ = {isa = PBXFileReference; lastKnownFileType = wrapper.framework; path = FBSDKLoginKit.framework; sourceTree = "<group>"; };
		5AEB89EB1CD3F3EE00F140DE /* FBSDKShareKit.framework */ = {isa = PBXFileReference; lastKnownFileType = wrapper.framework; path = FBSDKShareKit.framework; sourceTree = "<group>"; };
		5AEB89ED1CD3F44E00F140DE /* AudioToolbox.framework */ = {isa = PBXFileReference; lastKnownFileType = wrapper.framework; name = AudioToolbox.framework; path = System/Library/Frameworks/AudioToolbox.framework; sourceTree = SDKROOT; };
		5AEB89EF1CD3F45600F140DE /* CFNetwork.framework */ = {isa = PBXFileReference; lastKnownFileType = wrapper.framework; name = CFNetwork.framework; path = System/Library/Frameworks/CFNetwork.framework; sourceTree = SDKROOT; };
		5AEB89F11CD3F45C00F140DE /* CoreGraphics.framework */ = {isa = PBXFileReference; lastKnownFileType = wrapper.framework; name = CoreGraphics.framework; path = System/Library/Frameworks/CoreGraphics.framework; sourceTree = SDKROOT; };
		5AEB89F31CD3F46200F140DE /* CoreLocation.framework */ = {isa = PBXFileReference; lastKnownFileType = wrapper.framework; name = CoreLocation.framework; path = System/Library/Frameworks/CoreLocation.framework; sourceTree = SDKROOT; };
		5AEB89F51CD3F46800F140DE /* QuartzCore.framework */ = {isa = PBXFileReference; lastKnownFileType = wrapper.framework; name = QuartzCore.framework; path = System/Library/Frameworks/QuartzCore.framework; sourceTree = SDKROOT; };
		5AEB89F71CD3F46E00F140DE /* Security.framework */ = {isa = PBXFileReference; lastKnownFileType = wrapper.framework; name = Security.framework; path = System/Library/Frameworks/Security.framework; sourceTree = SDKROOT; };
		5AEB89F91CD3F47200F140DE /* StoreKit.framework */ = {isa = PBXFileReference; lastKnownFileType = wrapper.framework; name = StoreKit.framework; path = System/Library/Frameworks/StoreKit.framework; sourceTree = SDKROOT; };
		5AEB89FB1CD3F47800F140DE /* SystemConfiguration.framework */ = {isa = PBXFileReference; lastKnownFileType = wrapper.framework; name = SystemConfiguration.framework; path = System/Library/Frameworks/SystemConfiguration.framework; sourceTree = SDKROOT; };
		5AEB89FD1CD3F48300F140DE /* libz.tbd */ = {isa = PBXFileReference; lastKnownFileType = "sourcecode.text-based-dylib-definition"; name = libz.tbd; path = usr/lib/libz.tbd; sourceTree = SDKROOT; };
		5AEB89FF1CD3F48900F140DE /* libsqlite3.tbd */ = {isa = PBXFileReference; lastKnownFileType = "sourcecode.text-based-dylib-definition"; name = libsqlite3.tbd; path = usr/lib/libsqlite3.tbd; sourceTree = SDKROOT; };
		5AEB8A021CD3F82C00F140DE /* ParseFacebookUtilsV4.framework */ = {isa = PBXFileReference; lastKnownFileType = wrapper.framework; path = ParseFacebookUtilsV4.framework; sourceTree = "<group>"; };
		5AEB8A051CD3F98600F140DE /* MatchedUp-Prefix.pch */ = {isa = PBXFileReference; fileEncoding = 4; lastKnownFileType = sourcecode.c.h; path = "MatchedUp-Prefix.pch"; sourceTree = "<group>"; };
		5AFB04951CD76372008EA83F /* TestUser.h */ = {isa = PBXFileReference; fileEncoding = 4; lastKnownFileType = sourcecode.c.h; path = TestUser.h; sourceTree = "<group>"; };
		5AFB04961CD76372008EA83F /* TestUser.m */ = {isa = PBXFileReference; fileEncoding = 4; lastKnownFileType = sourcecode.c.objc; path = TestUser.m; sourceTree = "<group>"; };
		5AFB04981CD7640C008EA83F /* ProfileImage1.jpg */ = {isa = PBXFileReference; lastKnownFileType = image.jpeg; path = ProfileImage1.jpg; sourceTree = "<group>"; };
		5AFB049A1CD76894008EA83F /* astronaut.jpg */ = {isa = PBXFileReference; lastKnownFileType = image.jpeg; path = astronaut.jpg; sourceTree = "<group>"; };
		5AFB049D1CD77C6B008EA83F /* MatchViewController.h */ = {isa = PBXFileReference; fileEncoding = 4; lastKnownFileType = sourcecode.c.h; path = MatchViewController.h; sourceTree = "<group>"; };
		5AFB049E1CD77C6B008EA83F /* MatchViewController.m */ = {isa = PBXFileReference; fileEncoding = 4; lastKnownFileType = sourcecode.c.objc; path = MatchViewController.m; sourceTree = "<group>"; };
/* End PBXFileReference section */

/* Begin PBXFrameworksBuildPhase section */
		5A5555D11CD3DB2600B237E5 /* Frameworks */ = {
			isa = PBXFrameworksBuildPhase;
			buildActionMask = 2147483647;
			files = (
				5AEB8A001CD3F48900F140DE /* libsqlite3.tbd in Frameworks */,
				5AEB89FE1CD3F48300F140DE /* libz.tbd in Frameworks */,
				5AEB89FC1CD3F47800F140DE /* SystemConfiguration.framework in Frameworks */,
				5AEB89FA1CD3F47200F140DE /* StoreKit.framework in Frameworks */,
				5AEB89F81CD3F46E00F140DE /* Security.framework in Frameworks */,
				5AEB89F61CD3F46800F140DE /* QuartzCore.framework in Frameworks */,
				5AEB89F41CD3F46200F140DE /* CoreLocation.framework in Frameworks */,
				5AEB89F21CD3F45C00F140DE /* CoreGraphics.framework in Frameworks */,
				5AEB89F01CD3F45600F140DE /* CFNetwork.framework in Frameworks */,
				5AEB89EE1CD3F44E00F140DE /* AudioToolbox.framework in Frameworks */,
				5AEB8A031CD3F82C00F140DE /* ParseFacebookUtilsV4.framework in Frameworks */,
				5AEB89E41CD3F26500F140DE /* Parse.framework in Frameworks */,
				5AEB89E81CD3F37A00F140DE /* FBSDKCoreKit.framework in Frameworks */,
				5AEB89EC1CD3F3EE00F140DE /* FBSDKShareKit.framework in Frameworks */,
				5AEB89EA1CD3F38400F140DE /* FBSDKLoginKit.framework in Frameworks */,
				5AEB89E31CD3F26500F140DE /* Bolts.framework in Frameworks */,
			);
			runOnlyForDeploymentPostprocessing = 0;
		};
		5A5555ED1CD3DB2600B237E5 /* Frameworks */ = {
			isa = PBXFrameworksBuildPhase;
			buildActionMask = 2147483647;
			files = (
			);
			runOnlyForDeploymentPostprocessing = 0;
		};
		5A5555F81CD3DB2600B237E5 /* Frameworks */ = {
			isa = PBXFrameworksBuildPhase;
			buildActionMask = 2147483647;
			files = (
			);
			runOnlyForDeploymentPostprocessing = 0;
		};
/* End PBXFrameworksBuildPhase section */

/* Begin PBXGroup section */
		5A5555CB1CD3DB2600B237E5 = {
			isa = PBXGroup;
			children = (
				5A5555D61CD3DB2600B237E5 /* MatchedUp */,
				5A5555F31CD3DB2600B237E5 /* MatchedUpTests */,
				5A5555FE1CD3DB2600B237E5 /* MatchedUpUITests */,
				5A5555D51CD3DB2600B237E5 /* Products */,
				5AEB89DF1CD3DD8C00F140DE /* FrameWork */,
			);
			sourceTree = "<group>";
		};
		5A5555D51CD3DB2600B237E5 /* Products */ = {
			isa = PBXGroup;
			children = (
				5A5555D41CD3DB2600B237E5 /* MatchedUp.app */,
				5A5555F01CD3DB2600B237E5 /* MatchedUpTests.xctest */,
				5A5555FB1CD3DB2600B237E5 /* MatchedUpUITests.xctest */,
			);
			name = Products;
			sourceTree = "<group>";
		};
		5A5555D61CD3DB2600B237E5 /* MatchedUp */ = {
			isa = PBXGroup;
			children = (
				5A5555DA1CD3DB2600B237E5 /* AppDelegate.h */,
				5A5555DB1CD3DB2600B237E5 /* AppDelegate.m */,
				5A5555E31CD3DB2600B237E5 /* Main.storyboard */,
				5A55560D1CD3DB3000B237E5 /* Login */,
				5A61A1501CD601D800FA9E18 /* Home */,
				5A61A1541CD6064800FA9E18 /* Settings */,
				5A61A1581CD608CB00FA9E18 /* EditProfile */,
				5A61A15C1CD60B6E00FA9E18 /* Profile */,
				5AFB049C1CD77C46008EA83F /* Match */,
				5A73CB011CD79F8C00383488 /* Matches */,
				5A73CB051CD7A03600383488 /* Chat */,
				5AFB04941CD76319008EA83F /* CreateParseUser */,
				5A5555D71CD3DB2600B237E5 /* Supporting Files */,
			);
			path = MatchedUp;
			sourceTree = "<group>";
		};
		5A5555D71CD3DB2600B237E5 /* Supporting Files */ = {
			isa = PBXGroup;
			children = (
				5A73CB061CD7A1A100383488 /* JSQMessagesViewController */,
				5A5555E61CD3DB2600B237E5 /* Assets.xcassets */,
				5AFB04981CD7640C008EA83F /* ProfileImage1.jpg */,
				5AFB049A1CD76894008EA83F /* astronaut.jpg */,
				5A5555E81CD3DB2600B237E5 /* LaunchScreen.storyboard */,
				5A5555EB1CD3DB2600B237E5 /* Info.plist */,
				5A5555D81CD3DB2600B237E5 /* main.m */,
				5AEB8A051CD3F98600F140DE /* MatchedUp-Prefix.pch */,
				5AE5CB8F1CD4B9F20017C71C /* Constants.h */,
				5AE5CB901CD4B9F20017C71C /* Constants.m */,
			);
			name = "Supporting Files";
			sourceTree = "<group>";
		};
		5A5555F31CD3DB2600B237E5 /* MatchedUpTests */ = {
			isa = PBXGroup;
			children = (
				5A5555F41CD3DB2600B237E5 /* MatchedUpTests.m */,
				5A5555F61CD3DB2600B237E5 /* Info.plist */,
			);
			path = MatchedUpTests;
			sourceTree = "<group>";
		};
		5A5555FE1CD3DB2600B237E5 /* MatchedUpUITests */ = {
			isa = PBXGroup;
			children = (
				5A5555FF1CD3DB2600B237E5 /* MatchedUpUITests.m */,
				5A5556011CD3DB2600B237E5 /* Info.plist */,
			);
			path = MatchedUpUITests;
			sourceTree = "<group>";
		};
		5A55560D1CD3DB3000B237E5 /* Login */ = {
			isa = PBXGroup;
			children = (
				5A55560E1CD3DC1600B237E5 /* loginViewController.h */,
				5A55560F1CD3DC1600B237E5 /* loginViewController.m */,
			);
			name = Login;
			sourceTree = "<group>";
		};
		5A61A1501CD601D800FA9E18 /* Home */ = {
			isa = PBXGroup;
			children = (
				5A61A1511CD6022000FA9E18 /* HomeViewController.h */,
				5A61A1521CD6022000FA9E18 /* HomeViewController.m */,
			);
			name = Home;
			sourceTree = "<group>";
		};
		5A61A1541CD6064800FA9E18 /* Settings */ = {
			isa = PBXGroup;
			children = (
				5A61A1551CD6066E00FA9E18 /* SettingsViewController.h */,
				5A61A1561CD6066E00FA9E18 /* SettingsViewController.m */,
			);
			name = Settings;
			sourceTree = "<group>";
		};
		5A61A1581CD608CB00FA9E18 /* EditProfile */ = {
			isa = PBXGroup;
			children = (
				5A61A1591CD608FC00FA9E18 /* EditProfileViewController.h */,
				5A61A15A1CD608FC00FA9E18 /* EditProfileViewController.m */,
			);
			name = EditProfile;
			sourceTree = "<group>";
		};
		5A61A15C1CD60B6E00FA9E18 /* Profile */ = {
			isa = PBXGroup;
			children = (
				5A61A15D1CD60B8400FA9E18 /* ProfileViewController.h */,
				5A61A15E1CD60B8400FA9E18 /* ProfileViewController.m */,
			);
			name = Profile;
			sourceTree = "<group>";
		};
		5A73CB011CD79F8C00383488 /* Matches */ = {
			isa = PBXGroup;
			children = (
				5A73CB021CD79FAF00383488 /* MatchesViewController.h */,
				5A73CB031CD79FAF00383488 /* MatchesViewController.m */,
			);
			name = Matches;
			sourceTree = "<group>";
		};
		5A73CB051CD7A03600383488 /* Chat */ = {
			isa = PBXGroup;
			children = (
				5A73CB991CD7A46900383488 /* ChatViewController.h */,
				5A73CB9A1CD7A46900383488 /* ChatViewController.m */,
			);
			name = Chat;
			sourceTree = "<group>";
		};
		5A73CB061CD7A1A100383488 /* JSQMessagesViewController */ = {
			isa = PBXGroup;
			children = (
				5A73CB071CD7A1A100383488 /* Assets */,
				5A73CB091CD7A1A100383488 /* Categories */,
				5A73CB181CD7A1A100383488 /* Controllers */,
				5A73CB1E1CD7A1A100383488 /* Factories */,
				5A73CB291CD7A1A100383488 /* JSQMessages.h */,
				5A73CB2A1CD7A1A100383488 /* Layout */,
				5A73CB361CD7A1A100383488 /* Model */,
				5A73CB4D1CD7A1A100383488 /* Views */,
			);
			path = JSQMessagesViewController;
			sourceTree = "<group>";
		};
		5A73CB071CD7A1A100383488 /* Assets */ = {
			isa = PBXGroup;
			children = (
				5A73CB081CD7A1A100383488 /* JSQMessagesAssets.bundle */,
			);
			path = Assets;
			sourceTree = "<group>";
		};
		5A73CB091CD7A1A100383488 /* Categories */ = {
			isa = PBXGroup;
			children = (
				5A73CB0A1CD7A1A100383488 /* JSQSystemSoundPlayer+JSQMessages.h */,
				5A73CB0B1CD7A1A100383488 /* JSQSystemSoundPlayer+JSQMessages.m */,
				5A73CB0C1CD7A1A100383488 /* NSBundle+JSQMessages.h */,
				5A73CB0D1CD7A1A100383488 /* NSBundle+JSQMessages.m */,
				5A73CB0E1CD7A1A100383488 /* NSString+JSQMessages.h */,
				5A73CB0F1CD7A1A100383488 /* NSString+JSQMessages.m */,
				5A73CB101CD7A1A100383488 /* UIColor+JSQMessages.h */,
				5A73CB111CD7A1A100383488 /* UIColor+JSQMessages.m */,
				5A73CB121CD7A1A100383488 /* UIDevice+JSQMessages.h */,
				5A73CB131CD7A1A100383488 /* UIDevice+JSQMessages.m */,
				5A73CB141CD7A1A100383488 /* UIImage+JSQMessages.h */,
				5A73CB151CD7A1A100383488 /* UIImage+JSQMessages.m */,
				5A73CB161CD7A1A100383488 /* UIView+JSQMessages.h */,
				5A73CB171CD7A1A100383488 /* UIView+JSQMessages.m */,
			);
			path = Categories;
			sourceTree = "<group>";
		};
		5A73CB181CD7A1A100383488 /* Controllers */ = {
			isa = PBXGroup;
			children = (
				5A73CB191CD7A1A100383488 /* JSQMessagesKeyboardController.h */,
				5A73CB1A1CD7A1A100383488 /* JSQMessagesKeyboardController.m */,
				5A73CB1B1CD7A1A100383488 /* JSQMessagesViewController.h */,
				5A73CB1C1CD7A1A100383488 /* JSQMessagesViewController.m */,
				5A73CB1D1CD7A1A100383488 /* JSQMessagesViewController.xib */,
			);
			path = Controllers;
			sourceTree = "<group>";
		};
		5A73CB1E1CD7A1A100383488 /* Factories */ = {
			isa = PBXGroup;
			children = (
				5A73CB1F1CD7A1A100383488 /* JSQMessagesAvatarImageFactory.h */,
				5A73CB201CD7A1A100383488 /* JSQMessagesAvatarImageFactory.m */,
				5A73CB211CD7A1A100383488 /* JSQMessagesBubbleImageFactory.h */,
				5A73CB221CD7A1A100383488 /* JSQMessagesBubbleImageFactory.m */,
				5A73CB231CD7A1A100383488 /* JSQMessagesMediaViewBubbleImageMasker.h */,
				5A73CB241CD7A1A100383488 /* JSQMessagesMediaViewBubbleImageMasker.m */,
				5A73CB251CD7A1A100383488 /* JSQMessagesTimestampFormatter.h */,
				5A73CB261CD7A1A100383488 /* JSQMessagesTimestampFormatter.m */,
				5A73CB271CD7A1A100383488 /* JSQMessagesToolbarButtonFactory.h */,
				5A73CB281CD7A1A100383488 /* JSQMessagesToolbarButtonFactory.m */,
			);
			path = Factories;
			sourceTree = "<group>";
		};
		5A73CB2A1CD7A1A100383488 /* Layout */ = {
			isa = PBXGroup;
			children = (
				5A73CB2B1CD7A1A100383488 /* JSQAudioMediaViewAttributes.h */,
				5A73CB2C1CD7A1A100383488 /* JSQAudioMediaViewAttributes.m */,
				5A73CB2D1CD7A1A100383488 /* JSQMessagesBubbleSizeCalculating.h */,
				5A73CB2E1CD7A1A100383488 /* JSQMessagesBubblesSizeCalculator.h */,
				5A73CB2F1CD7A1A100383488 /* JSQMessagesBubblesSizeCalculator.m */,
				5A73CB301CD7A1A100383488 /* JSQMessagesCollectionViewFlowLayout.h */,
				5A73CB311CD7A1A100383488 /* JSQMessagesCollectionViewFlowLayout.m */,
				5A73CB321CD7A1A100383488 /* JSQMessagesCollectionViewFlowLayoutInvalidationContext.h */,
				5A73CB331CD7A1A100383488 /* JSQMessagesCollectionViewFlowLayoutInvalidationContext.m */,
				5A73CB341CD7A1A100383488 /* JSQMessagesCollectionViewLayoutAttributes.h */,
				5A73CB351CD7A1A100383488 /* JSQMessagesCollectionViewLayoutAttributes.m */,
			);
			path = Layout;
			sourceTree = "<group>";
		};
		5A73CB361CD7A1A100383488 /* Model */ = {
			isa = PBXGroup;
			children = (
				5A73CB371CD7A1A100383488 /* JSQAudioMediaItem.h */,
				5A73CB381CD7A1A100383488 /* JSQAudioMediaItem.m */,
				5A73CB391CD7A1A100383488 /* JSQLocationMediaItem.h */,
				5A73CB3A1CD7A1A100383488 /* JSQLocationMediaItem.m */,
				5A73CB3B1CD7A1A100383488 /* JSQMediaItem.h */,
				5A73CB3C1CD7A1A100383488 /* JSQMediaItem.m */,
				5A73CB3D1CD7A1A100383488 /* JSQMessage.h */,
				5A73CB3E1CD7A1A100383488 /* JSQMessage.m */,
				5A73CB3F1CD7A1A100383488 /* JSQMessageAvatarImageDataSource.h */,
				5A73CB401CD7A1A100383488 /* JSQMessageBubbleImageDataSource.h */,
				5A73CB411CD7A1A100383488 /* JSQMessageData.h */,
				5A73CB421CD7A1A100383488 /* JSQMessageMediaData.h */,
				5A73CB431CD7A1A100383488 /* JSQMessagesAvatarImage.h */,
				5A73CB441CD7A1A100383488 /* JSQMessagesAvatarImage.m */,
				5A73CB451CD7A1A100383488 /* JSQMessagesBubbleImage.h */,
				5A73CB461CD7A1A100383488 /* JSQMessagesBubbleImage.m */,
				5A73CB471CD7A1A100383488 /* JSQMessagesCollectionViewDataSource.h */,
				5A73CB481CD7A1A100383488 /* JSQMessagesCollectionViewDelegateFlowLayout.h */,
				5A73CB491CD7A1A100383488 /* JSQPhotoMediaItem.h */,
				5A73CB4A1CD7A1A100383488 /* JSQPhotoMediaItem.m */,
				5A73CB4B1CD7A1A100383488 /* JSQVideoMediaItem.h */,
				5A73CB4C1CD7A1A100383488 /* JSQVideoMediaItem.m */,
			);
			path = Model;
			sourceTree = "<group>";
		};
		5A73CB4D1CD7A1A100383488 /* Views */ = {
			isa = PBXGroup;
			children = (
				5A73CB4E1CD7A1A100383488 /* JSQMessagesCellTextView.h */,
				5A73CB4F1CD7A1A100383488 /* JSQMessagesCellTextView.m */,
				5A73CB501CD7A1A100383488 /* JSQMessagesCollectionView.h */,
				5A73CB511CD7A1A100383488 /* JSQMessagesCollectionView.m */,
				5A73CB521CD7A1A100383488 /* JSQMessagesCollectionViewCell.h */,
				5A73CB531CD7A1A100383488 /* JSQMessagesCollectionViewCell.m */,
				5A73CB541CD7A1A100383488 /* JSQMessagesCollectionViewCellIncoming.h */,
				5A73CB551CD7A1A100383488 /* JSQMessagesCollectionViewCellIncoming.m */,
				5A73CB561CD7A1A100383488 /* JSQMessagesCollectionViewCellIncoming.xib */,
				5A73CB571CD7A1A100383488 /* JSQMessagesCollectionViewCellOutgoing.h */,
				5A73CB581CD7A1A100383488 /* JSQMessagesCollectionViewCellOutgoing.m */,
				5A73CB591CD7A1A100383488 /* JSQMessagesCollectionViewCellOutgoing.xib */,
				5A73CB5A1CD7A1A100383488 /* JSQMessagesComposerTextView.h */,
				5A73CB5B1CD7A1A100383488 /* JSQMessagesComposerTextView.m */,
				5A73CB5C1CD7A1A100383488 /* JSQMessagesInputToolbar.h */,
				5A73CB5D1CD7A1A100383488 /* JSQMessagesInputToolbar.m */,
				5A73CB5E1CD7A1A100383488 /* JSQMessagesLabel.h */,
				5A73CB5F1CD7A1A100383488 /* JSQMessagesLabel.m */,
				5A73CB601CD7A1A100383488 /* JSQMessagesLoadEarlierHeaderView.h */,
				5A73CB611CD7A1A100383488 /* JSQMessagesLoadEarlierHeaderView.m */,
				5A73CB621CD7A1A100383488 /* JSQMessagesLoadEarlierHeaderView.xib */,
				5A73CB631CD7A1A100383488 /* JSQMessagesMediaPlaceholderView.h */,
				5A73CB641CD7A1A100383488 /* JSQMessagesMediaPlaceholderView.m */,
				5A73CB651CD7A1A100383488 /* JSQMessagesToolbarContentView.h */,
				5A73CB661CD7A1A100383488 /* JSQMessagesToolbarContentView.m */,
				5A73CB671CD7A1A100383488 /* JSQMessagesToolbarContentView.xib */,
				5A73CB681CD7A1A100383488 /* JSQMessagesTypingIndicatorFooterView.h */,
				5A73CB691CD7A1A100383488 /* JSQMessagesTypingIndicatorFooterView.m */,
				5A73CB6A1CD7A1A100383488 /* JSQMessagesTypingIndicatorFooterView.xib */,
			);
			path = Views;
			sourceTree = "<group>";
		};
		5AEB89DF1CD3DD8C00F140DE /* FrameWork */ = {
			isa = PBXGroup;
			children = (
				5AEB89E61CD3F33E00F140DE /* Facebook */,
				5AEB89E51CD3F33900F140DE /* Parse */,
			);
			name = FrameWork;
			sourceTree = "<group>";
		};
		5AEB89E51CD3F33900F140DE /* Parse */ = {
			isa = PBXGroup;
			children = (
				5AEB8A011CD3F49200F140DE /* dependencies */,
				5AEB89E11CD3F26500F140DE /* Bolts.framework */,
				5AEB8A021CD3F82C00F140DE /* ParseFacebookUtilsV4.framework */,
				5AEB89E21CD3F26500F140DE /* Parse.framework */,
			);
			name = Parse;
			sourceTree = "<group>";
		};
		5AEB89E61CD3F33E00F140DE /* Facebook */ = {
			isa = PBXGroup;
			children = (
				5AEB89EB1CD3F3EE00F140DE /* FBSDKShareKit.framework */,
				5AEB89E91CD3F38400F140DE /* FBSDKLoginKit.framework */,
				5AEB89E71CD3F37A00F140DE /* FBSDKCoreKit.framework */,
			);
			name = Facebook;
			sourceTree = "<group>";
		};
		5AEB8A011CD3F49200F140DE /* dependencies */ = {
			isa = PBXGroup;
			children = (
				5AEB89FF1CD3F48900F140DE /* libsqlite3.tbd */,
				5AEB89FD1CD3F48300F140DE /* libz.tbd */,
				5AEB89FB1CD3F47800F140DE /* SystemConfiguration.framework */,
				5AEB89F91CD3F47200F140DE /* StoreKit.framework */,
				5AEB89F71CD3F46E00F140DE /* Security.framework */,
				5AEB89F51CD3F46800F140DE /* QuartzCore.framework */,
				5AEB89F31CD3F46200F140DE /* CoreLocation.framework */,
				5AEB89F11CD3F45C00F140DE /* CoreGraphics.framework */,
				5AEB89EF1CD3F45600F140DE /* CFNetwork.framework */,
				5AEB89ED1CD3F44E00F140DE /* AudioToolbox.framework */,
			);
			name = dependencies;
			sourceTree = "<group>";
		};
		5AFB04941CD76319008EA83F /* CreateParseUser */ = {
			isa = PBXGroup;
			children = (
				5AFB04951CD76372008EA83F /* TestUser.h */,
				5AFB04961CD76372008EA83F /* TestUser.m */,
			);
			name = CreateParseUser;
			sourceTree = "<group>";
		};
		5AFB049C1CD77C46008EA83F /* Match */ = {
			isa = PBXGroup;
			children = (
				5AFB049D1CD77C6B008EA83F /* MatchViewController.h */,
				5AFB049E1CD77C6B008EA83F /* MatchViewController.m */,
			);
			name = Match;
			sourceTree = "<group>";
		};
/* End PBXGroup section */

/* Begin PBXNativeTarget section */
		5A5555D31CD3DB2600B237E5 /* MatchedUp */ = {
			isa = PBXNativeTarget;
			buildConfigurationList = 5A5556041CD3DB2600B237E5 /* Build configuration list for PBXNativeTarget "MatchedUp" */;
			buildPhases = (
				5A5555D01CD3DB2600B237E5 /* Sources */,
				5A5555D11CD3DB2600B237E5 /* Frameworks */,
				5A5555D21CD3DB2600B237E5 /* Resources */,
			);
			buildRules = (
			);
			dependencies = (
			);
			name = MatchedUp;
			productName = MatchedUp;
			productReference = 5A5555D41CD3DB2600B237E5 /* MatchedUp.app */;
			productType = "com.apple.product-type.application";
		};
		5A5555EF1CD3DB2600B237E5 /* MatchedUpTests */ = {
			isa = PBXNativeTarget;
			buildConfigurationList = 5A5556071CD3DB2600B237E5 /* Build configuration list for PBXNativeTarget "MatchedUpTests" */;
			buildPhases = (
				5A5555EC1CD3DB2600B237E5 /* Sources */,
				5A5555ED1CD3DB2600B237E5 /* Frameworks */,
				5A5555EE1CD3DB2600B237E5 /* Resources */,
			);
			buildRules = (
			);
			dependencies = (
				5A5555F21CD3DB2600B237E5 /* PBXTargetDependency */,
			);
			name = MatchedUpTests;
			productName = MatchedUpTests;
			productReference = 5A5555F01CD3DB2600B237E5 /* MatchedUpTests.xctest */;
			productType = "com.apple.product-type.bundle.unit-test";
		};
		5A5555FA1CD3DB2600B237E5 /* MatchedUpUITests */ = {
			isa = PBXNativeTarget;
			buildConfigurationList = 5A55560A1CD3DB2600B237E5 /* Build configuration list for PBXNativeTarget "MatchedUpUITests" */;
			buildPhases = (
				5A5555F71CD3DB2600B237E5 /* Sources */,
				5A5555F81CD3DB2600B237E5 /* Frameworks */,
				5A5555F91CD3DB2600B237E5 /* Resources */,
			);
			buildRules = (
			);
			dependencies = (
				5A5555FD1CD3DB2600B237E5 /* PBXTargetDependency */,
			);
			name = MatchedUpUITests;
			productName = MatchedUpUITests;
			productReference = 5A5555FB1CD3DB2600B237E5 /* MatchedUpUITests.xctest */;
			productType = "com.apple.product-type.bundle.ui-testing";
		};
/* End PBXNativeTarget section */

/* Begin PBXProject section */
		5A5555CC1CD3DB2600B237E5 /* Project object */ = {
			isa = PBXProject;
			attributes = {
				LastUpgradeCheck = 0730;
				ORGANIZATIONNAME = aTo;
				TargetAttributes = {
					5A5555D31CD3DB2600B237E5 = {
						CreatedOnToolsVersion = 7.3;
					};
					5A5555EF1CD3DB2600B237E5 = {
						CreatedOnToolsVersion = 7.3;
						TestTargetID = 5A5555D31CD3DB2600B237E5;
					};
					5A5555FA1CD3DB2600B237E5 = {
						CreatedOnToolsVersion = 7.3;
						TestTargetID = 5A5555D31CD3DB2600B237E5;
					};
				};
			};
			buildConfigurationList = 5A5555CF1CD3DB2600B237E5 /* Build configuration list for PBXProject "MatchedUp" */;
			compatibilityVersion = "Xcode 3.2";
			developmentRegion = English;
			hasScannedForEncodings = 0;
			knownRegions = (
				en,
				Base,
			);
			mainGroup = 5A5555CB1CD3DB2600B237E5;
			productRefGroup = 5A5555D51CD3DB2600B237E5 /* Products */;
			projectDirPath = "";
			projectRoot = "";
			targets = (
				5A5555D31CD3DB2600B237E5 /* MatchedUp */,
				5A5555EF1CD3DB2600B237E5 /* MatchedUpTests */,
				5A5555FA1CD3DB2600B237E5 /* MatchedUpUITests */,
			);
		};
/* End PBXProject section */

/* Begin PBXResourcesBuildPhase section */
		5A5555D21CD3DB2600B237E5 /* Resources */ = {
			isa = PBXResourcesBuildPhase;
			buildActionMask = 2147483647;
			files = (
				5A73CB8E1CD7A1A100383488 /* JSQMessagesCollectionViewCellOutgoing.xib in Resources */,
				5A5555EA1CD3DB2600B237E5 /* LaunchScreen.storyboard in Resources */,
				5A73CB961CD7A1A100383488 /* JSQMessagesToolbarContentView.xib in Resources */,
				5AFB04991CD7640C008EA83F /* ProfileImage1.jpg in Resources */,
				5A73CB931CD7A1A100383488 /* JSQMessagesLoadEarlierHeaderView.xib in Resources */,
				5A5555E71CD3DB2600B237E5 /* Assets.xcassets in Resources */,
				5A73CB8C1CD7A1A100383488 /* JSQMessagesCollectionViewCellIncoming.xib in Resources */,
				5A73CB6B1CD7A1A100383488 /* JSQMessagesAssets.bundle in Resources */,
				5AFB049B1CD76894008EA83F /* astronaut.jpg in Resources */,
				5A73CB981CD7A1A100383488 /* JSQMessagesTypingIndicatorFooterView.xib in Resources */,
				5A5555E51CD3DB2600B237E5 /* Main.storyboard in Resources */,
				5A73CB751CD7A1A100383488 /* JSQMessagesViewController.xib in Resources */,
			);
			runOnlyForDeploymentPostprocessing = 0;
		};
		5A5555EE1CD3DB2600B237E5 /* Resources */ = {
			isa = PBXResourcesBuildPhase;
			buildActionMask = 2147483647;
			files = (
			);
			runOnlyForDeploymentPostprocessing = 0;
		};
		5A5555F91CD3DB2600B237E5 /* Resources */ = {
			isa = PBXResourcesBuildPhase;
			buildActionMask = 2147483647;
			files = (
			);
			runOnlyForDeploymentPostprocessing = 0;
		};
/* End PBXResourcesBuildPhase section */

/* Begin PBXSourcesBuildPhase section */
		5A5555D01CD3DB2600B237E5 /* Sources */ = {
			isa = PBXSourcesBuildPhase;
			buildActionMask = 2147483647;
			files = (
				5A73CB941CD7A1A100383488 /* JSQMessagesMediaPlaceholderView.m in Sources */,
				5A73CB861CD7A1A100383488 /* JSQPhotoMediaItem.m in Sources */,
				5A73CB911CD7A1A100383488 /* JSQMessagesLabel.m in Sources */,
				5A73CB701CD7A1A100383488 /* UIDevice+JSQMessages.m in Sources */,
				5A73CB871CD7A1A100383488 /* JSQVideoMediaItem.m in Sources */,
				5A73CB731CD7A1A100383488 /* JSQMessagesKeyboardController.m in Sources */,
				5A73CB821CD7A1A100383488 /* JSQMediaItem.m in Sources */,
				5A73CB7F1CD7A1A100383488 /* JSQMessagesCollectionViewLayoutAttributes.m in Sources */,
				5A5556101CD3DC1600B237E5 /* loginViewController.m in Sources */,
				5A73CB6F1CD7A1A100383488 /* UIColor+JSQMessages.m in Sources */,
				5A73CB041CD79FAF00383488 /* MatchesViewController.m in Sources */,
				5A73CB6E1CD7A1A100383488 /* NSString+JSQMessages.m in Sources */,
				5A73CB811CD7A1A100383488 /* JSQLocationMediaItem.m in Sources */,
				5A73CB8B1CD7A1A100383488 /* JSQMessagesCollectionViewCellIncoming.m in Sources */,
				5A73CB9B1CD7A46900383488 /* ChatViewController.m in Sources */,
				5A73CB891CD7A1A100383488 /* JSQMessagesCollectionView.m in Sources */,
				5A5555DC1CD3DB2600B237E5 /* AppDelegate.m in Sources */,
				5A73CB711CD7A1A100383488 /* UIImage+JSQMessages.m in Sources */,
				5A73CB7A1CD7A1A100383488 /* JSQMessagesToolbarButtonFactory.m in Sources */,
				5A73CB791CD7A1A100383488 /* JSQMessagesTimestampFormatter.m in Sources */,
				5A73CB6C1CD7A1A100383488 /* JSQSystemSoundPlayer+JSQMessages.m in Sources */,
				5A73CB8F1CD7A1A100383488 /* JSQMessagesComposerTextView.m in Sources */,
				5A73CB7D1CD7A1A100383488 /* JSQMessagesCollectionViewFlowLayout.m in Sources */,
				5A61A15F1CD60B8400FA9E18 /* ProfileViewController.m in Sources */,
				5A73CB781CD7A1A100383488 /* JSQMessagesMediaViewBubbleImageMasker.m in Sources */,
				5A73CB761CD7A1A100383488 /* JSQMessagesAvatarImageFactory.m in Sources */,
				5A73CB7E1CD7A1A100383488 /* JSQMessagesCollectionViewFlowLayoutInvalidationContext.m in Sources */,
				5A61A15B1CD608FC00FA9E18 /* EditProfileViewController.m in Sources */,
				5A73CB851CD7A1A100383488 /* JSQMessagesBubbleImage.m in Sources */,
				5A73CB741CD7A1A100383488 /* JSQMessagesViewController.m in Sources */,
				5A73CB771CD7A1A100383488 /* JSQMessagesBubbleImageFactory.m in Sources */,
				5A73CB8A1CD7A1A100383488 /* JSQMessagesCollectionViewCell.m in Sources */,
				5A73CB921CD7A1A100383488 /* JSQMessagesLoadEarlierHeaderView.m in Sources */,
				5AFB04971CD76372008EA83F /* TestUser.m in Sources */,
				5A73CB841CD7A1A100383488 /* JSQMessagesAvatarImage.m in Sources */,
				5A73CB951CD7A1A100383488 /* JSQMessagesToolbarContentView.m in Sources */,
				5A73CB971CD7A1A100383488 /* JSQMessagesTypingIndicatorFooterView.m in Sources */,
				5A73CB6D1CD7A1A100383488 /* NSBundle+JSQMessages.m in Sources */,
				5A73CB7C1CD7A1A100383488 /* JSQMessagesBubblesSizeCalculator.m in Sources */,
				5A5555D91CD3DB2600B237E5 /* main.m in Sources */,
				5A73CB7B1CD7A1A100383488 /* JSQAudioMediaViewAttributes.m in Sources */,
				5A61A1571CD6066E00FA9E18 /* SettingsViewController.m in Sources */,
				5A73CB831CD7A1A100383488 /* JSQMessage.m in Sources */,
				5A73CB901CD7A1A100383488 /* JSQMessagesInputToolbar.m in Sources */,
				5A61A1531CD6022000FA9E18 /* HomeViewController.m in Sources */,
				5AFB049F1CD77C6B008EA83F /* MatchViewController.m in Sources */,
				5AE5CB911CD4B9F20017C71C /* Constants.m in Sources */,
				5A73CB881CD7A1A100383488 /* JSQMessagesCellTextView.m in Sources */,
				5A73CB801CD7A1A100383488 /* JSQAudioMediaItem.m in Sources */,
				5A73CB721CD7A1A100383488 /* UIView+JSQMessages.m in Sources */,
				5A73CB8D1CD7A1A100383488 /* JSQMessagesCollectionViewCellOutgoing.m in Sources */,
			);
			runOnlyForDeploymentPostprocessing = 0;
		};
		5A5555EC1CD3DB2600B237E5 /* Sources */ = {
			isa = PBXSourcesBuildPhase;
			buildActionMask = 2147483647;
			files = (
				5A5555F51CD3DB2600B237E5 /* MatchedUpTests.m in Sources */,
			);
			runOnlyForDeploymentPostprocessing = 0;
		};
		5A5555F71CD3DB2600B237E5 /* Sources */ = {
			isa = PBXSourcesBuildPhase;
			buildActionMask = 2147483647;
			files = (
				5A5556001CD3DB2600B237E5 /* MatchedUpUITests.m in Sources */,
			);
			runOnlyForDeploymentPostprocessing = 0;
		};
/* End PBXSourcesBuildPhase section */

/* Begin PBXTargetDependency section */
		5A5555F21CD3DB2600B237E5 /* PBXTargetDependency */ = {
			isa = PBXTargetDependency;
			target = 5A5555D31CD3DB2600B237E5 /* MatchedUp */;
			targetProxy = 5A5555F11CD3DB2600B237E5 /* PBXContainerItemProxy */;
		};
		5A5555FD1CD3DB2600B237E5 /* PBXTargetDependency */ = {
			isa = PBXTargetDependency;
			target = 5A5555D31CD3DB2600B237E5 /* MatchedUp */;
			targetProxy = 5A5555FC1CD3DB2600B237E5 /* PBXContainerItemProxy */;
		};
/* End PBXTargetDependency section */

/* Begin PBXVariantGroup section */
		5A5555E31CD3DB2600B237E5 /* Main.storyboard */ = {
			isa = PBXVariantGroup;
			children = (
				5A5555E41CD3DB2600B237E5 /* Base */,
			);
			name = Main.storyboard;
			sourceTree = "<group>";
		};
		5A5555E81CD3DB2600B237E5 /* LaunchScreen.storyboard */ = {
			isa = PBXVariantGroup;
			children = (
				5A5555E91CD3DB2600B237E5 /* Base */,
			);
			name = LaunchScreen.storyboard;
			sourceTree = "<group>";
		};
/* End PBXVariantGroup section */

/* Begin XCBuildConfiguration section */
		5A5556021CD3DB2600B237E5 /* Debug */ = {
			isa = XCBuildConfiguration;
			buildSettings = {
				ALWAYS_SEARCH_USER_PATHS = NO;
				CLANG_ANALYZER_NONNULL = YES;
				CLANG_CXX_LANGUAGE_STANDARD = "gnu++0x";
				CLANG_CXX_LIBRARY = "libc++";
				CLANG_ENABLE_MODULES = YES;
				CLANG_ENABLE_OBJC_ARC = YES;
				CLANG_WARN_BOOL_CONVERSION = YES;
				CLANG_WARN_CONSTANT_CONVERSION = YES;
				CLANG_WARN_DIRECT_OBJC_ISA_USAGE = YES_ERROR;
				CLANG_WARN_EMPTY_BODY = YES;
				CLANG_WARN_ENUM_CONVERSION = YES;
				CLANG_WARN_INT_CONVERSION = YES;
				CLANG_WARN_OBJC_ROOT_CLASS = YES_ERROR;
				CLANG_WARN_UNREACHABLE_CODE = YES;
				CLANG_WARN__DUPLICATE_METHOD_MATCH = YES;
				"CODE_SIGN_IDENTITY[sdk=iphoneos*]" = "iPhone Developer";
				COPY_PHASE_STRIP = NO;
				DEBUG_INFORMATION_FORMAT = dwarf;
				ENABLE_STRICT_OBJC_MSGSEND = YES;
				ENABLE_TESTABILITY = YES;
				GCC_C_LANGUAGE_STANDARD = gnu99;
				GCC_DYNAMIC_NO_PIC = NO;
				GCC_NO_COMMON_BLOCKS = YES;
				GCC_OPTIMIZATION_LEVEL = 0;
				GCC_PREPROCESSOR_DEFINITIONS = (
					"DEBUG=1",
					"$(inherited)",
				);
				GCC_WARN_64_TO_32_BIT_CONVERSION = YES;
				GCC_WARN_ABOUT_RETURN_TYPE = YES_ERROR;
				GCC_WARN_UNDECLARED_SELECTOR = YES;
				GCC_WARN_UNINITIALIZED_AUTOS = YES_AGGRESSIVE;
				GCC_WARN_UNUSED_FUNCTION = YES;
				GCC_WARN_UNUSED_VARIABLE = YES;
				IPHONEOS_DEPLOYMENT_TARGET = 9.3;
				MTL_ENABLE_DEBUG_INFO = YES;
				ONLY_ACTIVE_ARCH = YES;
				SDKROOT = iphoneos;
			};
			name = Debug;
		};
		5A5556031CD3DB2600B237E5 /* Release */ = {
			isa = XCBuildConfiguration;
			buildSettings = {
				ALWAYS_SEARCH_USER_PATHS = NO;
				CLANG_ANALYZER_NONNULL = YES;
				CLANG_CXX_LANGUAGE_STANDARD = "gnu++0x";
				CLANG_CXX_LIBRARY = "libc++";
				CLANG_ENABLE_MODULES = YES;
				CLANG_ENABLE_OBJC_ARC = YES;
				CLANG_WARN_BOOL_CONVERSION = YES;
				CLANG_WARN_CONSTANT_CONVERSION = YES;
				CLANG_WARN_DIRECT_OBJC_ISA_USAGE = YES_ERROR;
				CLANG_WARN_EMPTY_BODY = YES;
				CLANG_WARN_ENUM_CONVERSION = YES;
				CLANG_WARN_INT_CONVERSION = YES;
				CLANG_WARN_OBJC_ROOT_CLASS = YES_ERROR;
				CLANG_WARN_UNREACHABLE_CODE = YES;
				CLANG_WARN__DUPLICATE_METHOD_MATCH = YES;
				"CODE_SIGN_IDENTITY[sdk=iphoneos*]" = "iPhone Developer";
				COPY_PHASE_STRIP = NO;
				DEBUG_INFORMATION_FORMAT = "dwarf-with-dsym";
				ENABLE_NS_ASSERTIONS = NO;
				ENABLE_STRICT_OBJC_MSGSEND = YES;
				GCC_C_LANGUAGE_STANDARD = gnu99;
				GCC_NO_COMMON_BLOCKS = YES;
				GCC_WARN_64_TO_32_BIT_CONVERSION = YES;
				GCC_WARN_ABOUT_RETURN_TYPE = YES_ERROR;
				GCC_WARN_UNDECLARED_SELECTOR = YES;
				GCC_WARN_UNINITIALIZED_AUTOS = YES_AGGRESSIVE;
				GCC_WARN_UNUSED_FUNCTION = YES;
				GCC_WARN_UNUSED_VARIABLE = YES;
				IPHONEOS_DEPLOYMENT_TARGET = 9.3;
				MTL_ENABLE_DEBUG_INFO = NO;
				SDKROOT = iphoneos;
				VALIDATE_PRODUCT = YES;
			};
			name = Release;
		};
		5A5556051CD3DB2600B237E5 /* Debug */ = {
			isa = XCBuildConfiguration;
			buildSettings = {
				ASSETCATALOG_COMPILER_APPICON_NAME = AppIcon;
				FRAMEWORK_SEARCH_PATHS = (
					"$(inherited)",
					"$(PROJECT_DIR)",
				);
				GCC_PREFIX_HEADER = "$(SRCROOT)/$(PROJECT_NAME)/MatchedUp-Prefix.pch";
				INFOPLIST_FILE = MatchedUp/Info.plist;
				LD_RUNPATH_SEARCH_PATHS = "$(inherited) @executable_path/Frameworks";
				PRODUCT_BUNDLE_IDENTIFIER = self.edu.ato.MatchedUp;
				PRODUCT_NAME = "$(TARGET_NAME)";
			};
			name = Debug;
		};
		5A5556061CD3DB2600B237E5 /* Release */ = {
			isa = XCBuildConfiguration;
			buildSettings = {
				ASSETCATALOG_COMPILER_APPICON_NAME = AppIcon;
				FRAMEWORK_SEARCH_PATHS = (
					"$(inherited)",
					"$(PROJECT_DIR)",
				);
				GCC_PREFIX_HEADER = "$(SRCROOT)/$(PROJECT_NAME)/MatchedUp-Prefix.pch";
				INFOPLIST_FILE = MatchedUp/Info.plist;
				LD_RUNPATH_SEARCH_PATHS = "$(inherited) @executable_path/Frameworks";
				PRODUCT_BUNDLE_IDENTIFIER = self.edu.ato.MatchedUp;
				PRODUCT_NAME = "$(TARGET_NAME)";
			};
			name = Release;
		};
		5A5556081CD3DB2600B237E5 /* Debug */ = {
			isa = XCBuildConfiguration;
			buildSettings = {
				BUNDLE_LOADER = "$(TEST_HOST)";
				INFOPLIST_FILE = MatchedUpTests/Info.plist;
				LD_RUNPATH_SEARCH_PATHS = "$(inherited) @executable_path/Frameworks @loader_path/Frameworks";
				PRODUCT_BUNDLE_IDENTIFIER = self.edu.ato.MatchedUpTests;
				PRODUCT_NAME = "$(TARGET_NAME)";
				TEST_HOST = "$(BUILT_PRODUCTS_DIR)/MatchedUp.app/MatchedUp";
			};
			name = Debug;
		};
		5A5556091CD3DB2600B237E5 /* Release */ = {
			isa = XCBuildConfiguration;
			buildSettings = {
				BUNDLE_LOADER = "$(TEST_HOST)";
				INFOPLIST_FILE = MatchedUpTests/Info.plist;
				LD_RUNPATH_SEARCH_PATHS = "$(inherited) @executable_path/Frameworks @loader_path/Frameworks";
				PRODUCT_BUNDLE_IDENTIFIER = self.edu.ato.MatchedUpTests;
				PRODUCT_NAME = "$(TARGET_NAME)";
				TEST_HOST = "$(BUILT_PRODUCTS_DIR)/MatchedUp.app/MatchedUp";
			};
			name = Release;
		};
		5A55560B1CD3DB2600B237E5 /* Debug */ = {
			isa = XCBuildConfiguration;
			buildSettings = {
				INFOPLIST_FILE = MatchedUpUITests/Info.plist;
				LD_RUNPATH_SEARCH_PATHS = "$(inherited) @executable_path/Frameworks @loader_path/Frameworks";
				PRODUCT_BUNDLE_IDENTIFIER = self.edu.ato.MatchedUpUITests;
				PRODUCT_NAME = "$(TARGET_NAME)";
				TEST_TARGET_NAME = MatchedUp;
			};
			name = Debug;
		};
		5A55560C1CD3DB2600B237E5 /* Release */ = {
			isa = XCBuildConfiguration;
			buildSettings = {
				INFOPLIST_FILE = MatchedUpUITests/Info.plist;
				LD_RUNPATH_SEARCH_PATHS = "$(inherited) @executable_path/Frameworks @loader_path/Frameworks";
				PRODUCT_BUNDLE_IDENTIFIER = self.edu.ato.MatchedUpUITests;
				PRODUCT_NAME = "$(TARGET_NAME)";
				TEST_TARGET_NAME = MatchedUp;
			};
			name = Release;
		};
/* End XCBuildConfiguration section */

/* Begin XCConfigurationList section */
		5A5555CF1CD3DB2600B237E5 /* Build configuration list for PBXProject "MatchedUp" */ = {
			isa = XCConfigurationList;
			buildConfigurations = (
				5A5556021CD3DB2600B237E5 /* Debug */,
				5A5556031CD3DB2600B237E5 /* Release */,
			);
			defaultConfigurationIsVisible = 0;
			defaultConfigurationName = Release;
		};
		5A5556041CD3DB2600B237E5 /* Build configuration list for PBXNativeTarget "MatchedUp" */ = {
			isa = XCConfigurationList;
			buildConfigurations = (
				5A5556051CD3DB2600B237E5 /* Debug */,
				5A5556061CD3DB2600B237E5 /* Release */,
			);
			defaultConfigurationIsVisible = 0;
			defaultConfigurationName = Release;
		};
		5A5556071CD3DB2600B237E5 /* Build configuration list for PBXNativeTarget "MatchedUpTests" */ = {
			isa = XCConfigurationList;
			buildConfigurations = (
				5A5556081CD3DB2600B237E5 /* Debug */,
				5A5556091CD3DB2600B237E5 /* Release */,
			);
			defaultConfigurationIsVisible = 0;
			defaultConfigurationName = Release;
		};
		5A55560A1CD3DB2600B237E5 /* Build configuration list for PBXNativeTarget "MatchedUpUITests" */ = {
			isa = XCConfigurationList;
			buildConfigurations = (
				5A55560B1CD3DB2600B237E5 /* Debug */,
				5A55560C1CD3DB2600B237E5 /* Release */,
			);
			defaultConfigurationIsVisible = 0;
			defaultConfigurationName = Release;
		};
/* End XCConfigurationList section */
	};
	rootObject = 5A5555CC1CD3DB2600B237E5 /* Project object */;
}
